// !$*UTF8*$!
{
	archiveVersion = 1;
	classes = {
	};
	objectVersion = 45;
	objects = {

/* Begin PBXBuildFile section */
		1D3623260D0F684500981E51 /* DemoAppDelegate.m in Sources */ = {isa = PBXBuildFile; fileRef = 1D3623250D0F684500981E51 /* DemoAppDelegate.m */; };
		1D60589B0D05DD56006BFB54 /* main.m in Sources */ = {isa = PBXBuildFile; fileRef = 29B97316FDCFA39411CA2CEA /* main.m */; };
		1D60589F0D05DD5A006BFB54 /* Foundation.framework in Frameworks */ = {isa = PBXBuildFile; fileRef = 1D30AB110D05D00D00671497 /* Foundation.framework */; };
		1DF5F4E00D08C38300B7A737 /* UIKit.framework in Frameworks */ = {isa = PBXBuildFile; fileRef = 1DF5F4DF0D08C38300B7A737 /* UIKit.framework */; };
		288765FD0DF74451002DB57D /* CoreGraphics.framework in Frameworks */ = {isa = PBXBuildFile; fileRef = 288765FC0DF74451002DB57D /* CoreGraphics.framework */; };
		28AD733F0D9D9553002E5188 /* MainWindow.xib in Resources */ = {isa = PBXBuildFile; fileRef = 28AD733E0D9D9553002E5188 /* MainWindow.xib */; };
		DE0F755910641630004F2821 /* BenchmarkScene.m in Sources */ = {isa = PBXBuildFile; fileRef = DE0F755810641630004F2821 /* BenchmarkScene.m */; };
		DE396AE8104055A100C27DDF /* CustomHitTestScene.m in Sources */ = {isa = PBXBuildFile; fileRef = DE396AE7104055A100C27DDF /* CustomHitTestScene.m */; };
		DE396AEB104056A500C27DDF /* RoundButton.m in Sources */ = {isa = PBXBuildFile; fileRef = DE396AEA104056A500C27DDF /* RoundButton.m */; };
		DED0B68F101C8654008D3794 /* atlas.png in Resources */ = {isa = PBXBuildFile; fileRef = DED0B68D101C8654008D3794 /* atlas.png */; };
		DED0B690101C8654008D3794 /* atlas.xml in Resources */ = {isa = PBXBuildFile; fileRef = DED0B68E101C8654008D3794 /* atlas.xml */; };
		DED0B707101C8F9B008D3794 /* button_blue.png in Resources */ = {isa = PBXBuildFile; fileRef = DED0B705101C8F9B008D3794 /* button_blue.png */; };
		DED0B708101C8F9B008D3794 /* button_yellow.png in Resources */ = {isa = PBXBuildFile; fileRef = DED0B706101C8F9B008D3794 /* button_yellow.png */; };
		DED0B719101C90CB008D3794 /* AtlasScene.m in Sources */ = {isa = PBXBuildFile; fileRef = DED0B718101C90CB008D3794 /* AtlasScene.m */; };
		DED0B7F0101CE0A9008D3794 /* TextScene.m in Sources */ = {isa = PBXBuildFile; fileRef = DED0B7EF101CE0A9008D3794 /* TextScene.m */; };
		DED6FF371041623A001FF6C8 /* AnimationScene.m in Sources */ = {isa = PBXBuildFile; fileRef = DED6FF361041623A001FF6C8 /* AnimationScene.m */; };
		DEE191A610891FC900C9AB7B /* branching_mouse.fnt in Resources */ = {isa = PBXBuildFile; fileRef = DEE191A410891FC900C9AB7B /* branching_mouse.fnt */; };
		DEE191B11089224E00C9AB7B /* branching_mouse.png in Resources */ = {isa = PBXBuildFile; fileRef = DEE191B01089224E00C9AB7B /* branching_mouse.png */; };
		DEEA9430101E45B80071DD21 /* libSparrow.a in Frameworks */ = {isa = PBXBuildFile; fileRef = DEFE4D46101B6C4A00E22471 /* libSparrow.a */; };
		DEFE4CF0101B684B00E22471 /* Game.m in Sources */ = {isa = PBXBuildFile; fileRef = DEFE4CEB101B684B00E22471 /* Game.m */; };
		DEFE4CF1101B684B00E22471 /* TouchScene.m in Sources */ = {isa = PBXBuildFile; fileRef = DEFE4CED101B684B00E22471 /* TouchScene.m */; };
		DEFE4CF2101B684B00E22471 /* TouchSheet.m in Sources */ = {isa = PBXBuildFile; fileRef = DEFE4CEF101B684B00E22471 /* TouchSheet.m */; };
		DEFE4D37101B6BD200E22471 /* OpenGLES.framework in Frameworks */ = {isa = PBXBuildFile; fileRef = DEFE4D36101B6BD200E22471 /* OpenGLES.framework */; };
		DEFE4D39101B6BD200E22471 /* QuartzCore.framework in Frameworks */ = {isa = PBXBuildFile; fileRef = DEFE4D38101B6BD200E22471 /* QuartzCore.framework */; };
/* End PBXBuildFile section */

/* Begin PBXContainerItemProxy section */
		DEFDDEE0101BB528002CF60B /* PBXContainerItemProxy */ = {
			isa = PBXContainerItemProxy;
			containerPortal = DEFE4D07101B6B3500E22471 /* Sparrow.xcodeproj */;
			proxyType = 1;
			remoteGlobalIDString = DEFE4BC1101B317600E22471;
			remoteInfo = SparrowLib;
		};
		DEFE4D45101B6C4A00E22471 /* PBXContainerItemProxy */ = {
			isa = PBXContainerItemProxy;
			containerPortal = DEFE4D07101B6B3500E22471 /* Sparrow.xcodeproj */;
			proxyType = 2;
			remoteGlobalIDString = 1D6058910D05DD3D006BFB54;
			remoteInfo = Sparrow;
		};
		DEFE4D47101B6C4A00E22471 /* PBXContainerItemProxy */ = {
			isa = PBXContainerItemProxy;
			containerPortal = DEFE4D07101B6B3500E22471 /* Sparrow.xcodeproj */;
			proxyType = 2;
			remoteGlobalIDString = DEABCEA10F7ACF6E003B6C9D;
			remoteInfo = UnitTests;
		};
/* End PBXContainerItemProxy section */

/* Begin PBXFileReference section */
		1D30AB110D05D00D00671497 /* Foundation.framework */ = {isa = PBXFileReference; lastKnownFileType = wrapper.framework; name = Foundation.framework; path = System/Library/Frameworks/Foundation.framework; sourceTree = SDKROOT; };
		1D3623240D0F684500981E51 /* DemoAppDelegate.h */ = {isa = PBXFileReference; fileEncoding = 4; lastKnownFileType = sourcecode.c.h; path = DemoAppDelegate.h; sourceTree = "<group>"; };
		1D3623250D0F684500981E51 /* DemoAppDelegate.m */ = {isa = PBXFileReference; fileEncoding = 4; lastKnownFileType = sourcecode.c.objc; path = DemoAppDelegate.m; sourceTree = "<group>"; };
		1D6058910D05DD3D006BFB54 /* Demo.app */ = {isa = PBXFileReference; explicitFileType = wrapper.application; includeInIndex = 0; path = Demo.app; sourceTree = BUILT_PRODUCTS_DIR; };
		1DF5F4DF0D08C38300B7A737 /* UIKit.framework */ = {isa = PBXFileReference; lastKnownFileType = wrapper.framework; name = UIKit.framework; path = System/Library/Frameworks/UIKit.framework; sourceTree = SDKROOT; };
		288765FC0DF74451002DB57D /* CoreGraphics.framework */ = {isa = PBXFileReference; lastKnownFileType = wrapper.framework; name = CoreGraphics.framework; path = System/Library/Frameworks/CoreGraphics.framework; sourceTree = SDKROOT; };
		28AD733E0D9D9553002E5188 /* MainWindow.xib */ = {isa = PBXFileReference; lastKnownFileType = file.xib; path = MainWindow.xib; sourceTree = "<group>"; };
		29B97316FDCFA39411CA2CEA /* main.m */ = {isa = PBXFileReference; fileEncoding = 4; lastKnownFileType = sourcecode.c.objc; path = main.m; sourceTree = "<group>"; };
		32CA4F630368D1EE00C91783 /* Demo_Prefix.pch */ = {isa = PBXFileReference; fileEncoding = 4; lastKnownFileType = sourcecode.c.h; path = Demo_Prefix.pch; sourceTree = "<group>"; };
		8D1107310486CEB800E47090 /* Demo-Info.plist */ = {isa = PBXFileReference; fileEncoding = 4; lastKnownFileType = text.plist.xml; path = "Demo-Info.plist"; plistStructureDefinitionIdentifier = "com.apple.xcode.plist.structure-definition.iphone.info-plist"; sourceTree = "<group>"; };
		DE0F755710641630004F2821 /* BenchmarkScene.h */ = {isa = PBXFileReference; fileEncoding = 4; lastKnownFileType = sourcecode.c.h; path = BenchmarkScene.h; sourceTree = "<group>"; };
		DE0F755810641630004F2821 /* BenchmarkScene.m */ = {isa = PBXFileReference; fileEncoding = 4; lastKnownFileType = sourcecode.c.objc; path = BenchmarkScene.m; sourceTree = "<group>"; };
		DE396AE6104055A100C27DDF /* CustomHitTestScene.h */ = {isa = PBXFileReference; fileEncoding = 4; lastKnownFileType = sourcecode.c.h; path = CustomHitTestScene.h; sourceTree = "<group>"; };
		DE396AE7104055A100C27DDF /* CustomHitTestScene.m */ = {isa = PBXFileReference; fileEncoding = 4; lastKnownFileType = sourcecode.c.objc; path = CustomHitTestScene.m; sourceTree = "<group>"; };
		DE396AE9104056A500C27DDF /* RoundButton.h */ = {isa = PBXFileReference; fileEncoding = 4; lastKnownFileType = sourcecode.c.h; path = RoundButton.h; sourceTree = "<group>"; };
		DE396AEA104056A500C27DDF /* RoundButton.m */ = {isa = PBXFileReference; fileEncoding = 4; lastKnownFileType = sourcecode.c.objc; path = RoundButton.m; sourceTree = "<group>"; };
		DED0B68D101C8654008D3794 /* atlas.png */ = {isa = PBXFileReference; lastKnownFileType = image.png; name = atlas.png; path = media/atlas.png; sourceTree = "<group>"; };
		DED0B68E101C8654008D3794 /* atlas.xml */ = {isa = PBXFileReference; fileEncoding = 4; lastKnownFileType = text.xml; name = atlas.xml; path = media/atlas.xml; sourceTree = "<group>"; };
		DED0B705101C8F9B008D3794 /* button_blue.png */ = {isa = PBXFileReference; lastKnownFileType = image.png; name = button_blue.png; path = media/button_blue.png; sourceTree = "<group>"; };
		DED0B706101C8F9B008D3794 /* button_yellow.png */ = {isa = PBXFileReference; lastKnownFileType = image.png; name = button_yellow.png; path = media/button_yellow.png; sourceTree = "<group>"; };
		DED0B717101C90CB008D3794 /* AtlasScene.h */ = {isa = PBXFileReference; fileEncoding = 4; lastKnownFileType = sourcecode.c.h; path = AtlasScene.h; sourceTree = "<group>"; };
		DED0B718101C90CB008D3794 /* AtlasScene.m */ = {isa = PBXFileReference; fileEncoding = 4; lastKnownFileType = sourcecode.c.objc; path = AtlasScene.m; sourceTree = "<group>"; };
		DED0B7EE101CE0A9008D3794 /* TextScene.h */ = {isa = PBXFileReference; fileEncoding = 4; lastKnownFileType = sourcecode.c.h; path = TextScene.h; sourceTree = "<group>"; };
		DED0B7EF101CE0A9008D3794 /* TextScene.m */ = {isa = PBXFileReference; fileEncoding = 4; lastKnownFileType = sourcecode.c.objc; path = TextScene.m; sourceTree = "<group>"; };
		DED6FF351041623A001FF6C8 /* AnimationScene.h */ = {isa = PBXFileReference; fileEncoding = 4; lastKnownFileType = sourcecode.c.h; path = AnimationScene.h; sourceTree = "<group>"; };
		DED6FF361041623A001FF6C8 /* AnimationScene.m */ = {isa = PBXFileReference; fileEncoding = 4; lastKnownFileType = sourcecode.c.objc; path = AnimationScene.m; sourceTree = "<group>"; };
		DEE191A410891FC900C9AB7B /* branching_mouse.fnt */ = {isa = PBXFileReference; fileEncoding = 4; lastKnownFileType = text.xml; name = branching_mouse.fnt; path = media/branching_mouse.fnt; sourceTree = "<group>"; };
		DEE191B01089224E00C9AB7B /* branching_mouse.png */ = {isa = PBXFileReference; lastKnownFileType = image.png; name = branching_mouse.png; path = media/branching_mouse.png; sourceTree = "<group>"; };
		DEFE4CEA101B684B00E22471 /* Game.h */ = {isa = PBXFileReference; fileEncoding = 4; lastKnownFileType = sourcecode.c.h; path = Game.h; sourceTree = "<group>"; };
		DEFE4CEB101B684B00E22471 /* Game.m */ = {isa = PBXFileReference; fileEncoding = 4; lastKnownFileType = sourcecode.c.objc; path = Game.m; sourceTree = "<group>"; };
		DEFE4CEC101B684B00E22471 /* TouchScene.h */ = {isa = PBXFileReference; fileEncoding = 4; lastKnownFileType = sourcecode.c.h; path = TouchScene.h; sourceTree = "<group>"; };
		DEFE4CED101B684B00E22471 /* TouchScene.m */ = {isa = PBXFileReference; fileEncoding = 4; lastKnownFileType = sourcecode.c.objc; path = TouchScene.m; sourceTree = "<group>"; };
		DEFE4CEE101B684B00E22471 /* TouchSheet.h */ = {isa = PBXFileReference; fileEncoding = 4; lastKnownFileType = sourcecode.c.h; path = TouchSheet.h; sourceTree = "<group>"; };
		DEFE4CEF101B684B00E22471 /* TouchSheet.m */ = {isa = PBXFileReference; fileEncoding = 4; lastKnownFileType = sourcecode.c.objc; path = TouchSheet.m; sourceTree = "<group>"; };
		DEFE4D07101B6B3500E22471 /* Sparrow.xcodeproj */ = {isa = PBXFileReference; lastKnownFileType = "wrapper.pb-project"; path = Sparrow.xcodeproj; sourceTree = SPARROW_SRC; };
		DEFE4D36101B6BD200E22471 /* OpenGLES.framework */ = {isa = PBXFileReference; lastKnownFileType = wrapper.framework; name = OpenGLES.framework; path = System/Library/Frameworks/OpenGLES.framework; sourceTree = SDKROOT; };
		DEFE4D38101B6BD200E22471 /* QuartzCore.framework */ = {isa = PBXFileReference; lastKnownFileType = wrapper.framework; name = QuartzCore.framework; path = System/Library/Frameworks/QuartzCore.framework; sourceTree = SDKROOT; };
/* End PBXFileReference section */

/* Begin PBXFrameworksBuildPhase section */
		1D60588F0D05DD3D006BFB54 /* Frameworks */ = {
			isa = PBXFrameworksBuildPhase;
			buildActionMask = 2147483647;
			files = (
				DEEA9430101E45B80071DD21 /* libSparrow.a in Frameworks */,
				288765FD0DF74451002DB57D /* CoreGraphics.framework in Frameworks */,
				1D60589F0D05DD5A006BFB54 /* Foundation.framework in Frameworks */,
				DEFE4D37101B6BD200E22471 /* OpenGLES.framework in Frameworks */,
				DEFE4D39101B6BD200E22471 /* QuartzCore.framework in Frameworks */,
				1DF5F4E00D08C38300B7A737 /* UIKit.framework in Frameworks */,
			);
			runOnlyForDeploymentPostprocessing = 0;
		};
/* End PBXFrameworksBuildPhase section */

/* Begin PBXGroup section */
		080E96DDFE201D6D7F000001 /* Classes */ = {
			isa = PBXGroup;
			children = (
				DE396AE51040556300C27DDF /* Helpers */,
				DE396AE41040555100C27DDF /* Scenes */,
				DEFE4CEA101B684B00E22471 /* Game.h */,
				DEFE4CEB101B684B00E22471 /* Game.m */,
				1D3623240D0F684500981E51 /* DemoAppDelegate.h */,
				1D3623250D0F684500981E51 /* DemoAppDelegate.m */,
			);
			path = Classes;
			sourceTree = "<group>";
		};
		19C28FACFE9D520D11CA2CBB /* Products */ = {
			isa = PBXGroup;
			children = (
				1D6058910D05DD3D006BFB54 /* Demo.app */,
			);
			name = Products;
			sourceTree = "<group>";
		};
		29B97314FDCFA39411CA2CEA /* CustomTemplate */ = {
			isa = PBXGroup;
			children = (
				DEFE4D07101B6B3500E22471 /* Sparrow.xcodeproj */,
				080E96DDFE201D6D7F000001 /* Classes */,
				29B97315FDCFA39411CA2CEA /* Other Sources */,
				29B97317FDCFA39411CA2CEA /* Resources */,
				29B97323FDCFA39411CA2CEA /* Frameworks */,
				19C28FACFE9D520D11CA2CBB /* Products */,
			);
			name = CustomTemplate;
			sourceTree = "<group>";
		};
		29B97315FDCFA39411CA2CEA /* Other Sources */ = {
			isa = PBXGroup;
			children = (
				32CA4F630368D1EE00C91783 /* Demo_Prefix.pch */,
				29B97316FDCFA39411CA2CEA /* main.m */,
			);
			name = "Other Sources";
			sourceTree = "<group>";
		};
		29B97317FDCFA39411CA2CEA /* Resources */ = {
			isa = PBXGroup;
			children = (
				DEE191B01089224E00C9AB7B /* branching_mouse.png */,
				DEE191A410891FC900C9AB7B /* branching_mouse.fnt */,
				DED0B705101C8F9B008D3794 /* button_blue.png */,
				DED0B706101C8F9B008D3794 /* button_yellow.png */,
				DED0B68D101C8654008D3794 /* atlas.png */,
				DED0B68E101C8654008D3794 /* atlas.xml */,
				28AD733E0D9D9553002E5188 /* MainWindow.xib */,
				8D1107310486CEB800E47090 /* Demo-Info.plist */,
			);
			name = Resources;
			sourceTree = "<group>";
		};
		29B97323FDCFA39411CA2CEA /* Frameworks */ = {
			isa = PBXGroup;
			children = (
				DEFE4D36101B6BD200E22471 /* OpenGLES.framework */,
				DEFE4D38101B6BD200E22471 /* QuartzCore.framework */,
				1DF5F4DF0D08C38300B7A737 /* UIKit.framework */,
				1D30AB110D05D00D00671497 /* Foundation.framework */,
				288765FC0DF74451002DB57D /* CoreGraphics.framework */,
			);
			name = Frameworks;
			sourceTree = "<group>";
		};
		DE396AE41040555100C27DDF /* Scenes */ = {
			isa = PBXGroup;
			children = (
				DEFE4CEC101B684B00E22471 /* TouchScene.h */,
				DEFE4CED101B684B00E22471 /* TouchScene.m */,
				DED0B717101C90CB008D3794 /* AtlasScene.h */,
				DED0B718101C90CB008D3794 /* AtlasScene.m */,
				DED0B7EE101CE0A9008D3794 /* TextScene.h */,
				DED0B7EF101CE0A9008D3794 /* TextScene.m */,
				DE396AE6104055A100C27DDF /* CustomHitTestScene.h */,
				DE396AE7104055A100C27DDF /* CustomHitTestScene.m */,
				DED6FF351041623A001FF6C8 /* AnimationScene.h */,
				DED6FF361041623A001FF6C8 /* AnimationScene.m */,
				DE0F755710641630004F2821 /* BenchmarkScene.h */,
				DE0F755810641630004F2821 /* BenchmarkScene.m */,
			);
			name = Scenes;
			sourceTree = "<group>";
		};
		DE396AE51040556300C27DDF /* Helpers */ = {
			isa = PBXGroup;
			children = (
				DEFE4CEE101B684B00E22471 /* TouchSheet.h */,
				DEFE4CEF101B684B00E22471 /* TouchSheet.m */,
				DE396AE9104056A500C27DDF /* RoundButton.h */,
				DE396AEA104056A500C27DDF /* RoundButton.m */,
			);
			name = Helpers;
			sourceTree = "<group>";
		};
		DEFE4D40101B6C4A00E22471 /* Products */ = {
			isa = PBXGroup;
			children = (
				DEFE4D46101B6C4A00E22471 /* libSparrow.a */,
				DEFE4D48101B6C4A00E22471 /* UnitTest.octest */,
			);
			name = Products;
			sourceTree = "<group>";
		};
/* End PBXGroup section */

/* Begin PBXNativeTarget section */
		1D6058900D05DD3D006BFB54 /* Demo */ = {
			isa = PBXNativeTarget;
			buildConfigurationList = 1D6058960D05DD3E006BFB54 /* Build configuration list for PBXNativeTarget "Demo" */;
			buildPhases = (
				1D60588D0D05DD3D006BFB54 /* Resources */,
				1D60588E0D05DD3D006BFB54 /* Sources */,
				1D60588F0D05DD3D006BFB54 /* Frameworks */,
			);
			buildRules = (
			);
			dependencies = (
				DEFDDEE1101BB528002CF60B /* PBXTargetDependency */,
			);
			name = Demo;
			productName = Demo;
			productReference = 1D6058910D05DD3D006BFB54 /* Demo.app */;
			productType = "com.apple.product-type.application";
		};
/* End PBXNativeTarget section */

/* Begin PBXProject section */
		29B97313FDCFA39411CA2CEA /* Project object */ = {
			isa = PBXProject;
			buildConfigurationList = C01FCF4E08A954540054247B /* Build configuration list for PBXProject "Demo" */;
			compatibilityVersion = "Xcode 3.1";
			hasScannedForEncodings = 1;
			mainGroup = 29B97314FDCFA39411CA2CEA /* CustomTemplate */;
			projectDirPath = "";
			projectReferences = (
				{
					ProductGroup = DEFE4D40101B6C4A00E22471 /* Products */;
					ProjectRef = DEFE4D07101B6B3500E22471 /* Sparrow.xcodeproj */;
				},
			);
			projectRoot = "";
			targets = (
				1D6058900D05DD3D006BFB54 /* Demo */,
			);
		};
/* End PBXProject section */

/* Begin PBXReferenceProxy section */
		DEFE4D46101B6C4A00E22471 /* libSparrow.a */ = {
			isa = PBXReferenceProxy;
			fileType = archive.ar;
			path = libSparrow.a;
			remoteRef = DEFE4D45101B6C4A00E22471 /* PBXContainerItemProxy */;
			sourceTree = BUILT_PRODUCTS_DIR;
		};
		DEFE4D48101B6C4A00E22471 /* UnitTest.octest */ = {
			isa = PBXReferenceProxy;
			fileType = wrapper.cfbundle;
			path = UnitTest.octest;
			remoteRef = DEFE4D47101B6C4A00E22471 /* PBXContainerItemProxy */;
			sourceTree = BUILT_PRODUCTS_DIR;
		};
/* End PBXReferenceProxy section */

/* Begin PBXResourcesBuildPhase section */
		1D60588D0D05DD3D006BFB54 /* Resources */ = {
			isa = PBXResourcesBuildPhase;
			buildActionMask = 2147483647;
			files = (
				28AD733F0D9D9553002E5188 /* MainWindow.xib in Resources */,
				DED0B68F101C8654008D3794 /* atlas.png in Resources */,
				DED0B690101C8654008D3794 /* atlas.xml in Resources */,
				DED0B707101C8F9B008D3794 /* button_blue.png in Resources */,
				DED0B708101C8F9B008D3794 /* button_yellow.png in Resources */,
				DEE191A610891FC900C9AB7B /* branching_mouse.fnt in Resources */,
				DEE191B11089224E00C9AB7B /* branching_mouse.png in Resources */,
			);
			runOnlyForDeploymentPostprocessing = 0;
		};
/* End PBXResourcesBuildPhase section */

/* Begin PBXSourcesBuildPhase section */
		1D60588E0D05DD3D006BFB54 /* Sources */ = {
			isa = PBXSourcesBuildPhase;
			buildActionMask = 2147483647;
			files = (
				1D60589B0D05DD56006BFB54 /* main.m in Sources */,
				1D3623260D0F684500981E51 /* DemoAppDelegate.m in Sources */,
				DEFE4CF0101B684B00E22471 /* Game.m in Sources */,
				DEFE4CF1101B684B00E22471 /* TouchScene.m in Sources */,
				DEFE4CF2101B684B00E22471 /* TouchSheet.m in Sources */,
				DED0B719101C90CB008D3794 /* AtlasScene.m in Sources */,
				DED0B7F0101CE0A9008D3794 /* TextScene.m in Sources */,
				DE396AE8104055A100C27DDF /* CustomHitTestScene.m in Sources */,
				DE396AEB104056A500C27DDF /* RoundButton.m in Sources */,
				DED6FF371041623A001FF6C8 /* AnimationScene.m in Sources */,
				DE0F755910641630004F2821 /* BenchmarkScene.m in Sources */,
			);
			runOnlyForDeploymentPostprocessing = 0;
		};
/* End PBXSourcesBuildPhase section */

/* Begin PBXTargetDependency section */
		DEFDDEE1101BB528002CF60B /* PBXTargetDependency */ = {
			isa = PBXTargetDependency;
			name = SparrowLib;
			targetProxy = DEFDDEE0101BB528002CF60B /* PBXContainerItemProxy */;
		};
/* End PBXTargetDependency section */

/* Begin XCBuildConfiguration section */
		1D6058940D05DD3E006BFB54 /* Debug */ = {
			isa = XCBuildConfiguration;
			buildSettings = {
				ALWAYS_SEARCH_USER_PATHS = NO;
				CODE_SIGN_IDENTITY = "iPhone Developer: Daniel Sperl";
				"CODE_SIGN_IDENTITY[sdk=iphoneos*]" = "iPhone Developer: Daniel Sperl";
				COPY_PHASE_STRIP = NO;
				DEAD_CODE_STRIPPING = YES;
				GCC_DYNAMIC_NO_PIC = NO;
				GCC_OPTIMIZATION_LEVEL = 0;
				GCC_PRECOMPILE_PREFIX_HEADER = YES;
				GCC_PREFIX_HEADER = Demo_Prefix.pch;
				GCC_PREPROCESSOR_DEFINITIONS = "";
				GCC_THUMB_SUPPORT = NO;
				INFOPLIST_FILE = "Demo-Info.plist";
				IPHONEOS_DEPLOYMENT_TARGET = 3.0;
				OTHER_LDFLAGS = (
					"-ObjC",
					"-all_load",
				);
				PRODUCT_NAME = Demo;
				PROVISIONING_PROFILE = "968DB4C9-4164-4600-9C36-387274328BAE";
				"PROVISIONING_PROFILE[sdk=iphoneos*]" = "968DB4C9-4164-4600-9C36-387274328BAE";
				USER_HEADER_SEARCH_PATHS = "$(SPARROW_SRC)/**";
			};
			name = Debug;
		};
		1D6058950D05DD3E006BFB54 /* Release */ = {
			isa = XCBuildConfiguration;
			buildSettings = {
				ALWAYS_SEARCH_USER_PATHS = NO;
				CODE_SIGN_IDENTITY = "iPhone Developer: Daniel Sperl";
				"CODE_SIGN_IDENTITY[sdk=iphoneos*]" = "iPhone Developer: Daniel Sperl";
				COPY_PHASE_STRIP = YES;
				DEAD_CODE_STRIPPING = YES;
				GCC_PRECOMPILE_PREFIX_HEADER = YES;
				GCC_PREFIX_HEADER = Demo_Prefix.pch;
				GCC_PREPROCESSOR_DEFINITIONS = "";
				GCC_THUMB_SUPPORT = NO;
				INFOPLIST_FILE = "Demo-Info.plist";
				IPHONEOS_DEPLOYMENT_TARGET = 3.0;
				"New Setting" = "";
				OTHER_LDFLAGS = (
					"-ObjC",
					"-all_load",
				);
				PRODUCT_NAME = Demo;
				PROVISIONING_PROFILE = "968DB4C9-4164-4600-9C36-387274328BAE";
				"PROVISIONING_PROFILE[sdk=iphoneos*]" = "968DB4C9-4164-4600-9C36-387274328BAE";
				USER_HEADER_SEARCH_PATHS = "$(SPARROW_SRC)/**";
			};
			name = Release;
		};
		C01FCF4F08A954540054247B /* Debug */ = {
			isa = XCBuildConfiguration;
			buildSettings = {
				ARCHS = "$(ARCHS_STANDARD_32_BIT)";
				"CODE_SIGN_IDENTITY[sdk=iphoneos*]" = "iPhone Developer";
				GCC_C_LANGUAGE_STANDARD = c99;
				GCC_WARN_ABOUT_RETURN_TYPE = YES;
				GCC_WARN_UNUSED_VARIABLE = YES;
				PREBINDING = NO;
				SDKROOT = iphoneos3.0;
			};
			name = Debug;
		};
		C01FCF5008A954540054247B /* Release */ = {
			isa = XCBuildConfiguration;
			buildSettings = {
				ARCHS = "$(ARCHS_STANDARD_32_BIT)";
				"CODE_SIGN_IDENTITY[sdk=iphoneos*]" = "iPhone Developer";
				GCC_C_LANGUAGE_STANDARD = c99;
				GCC_WARN_ABOUT_RETURN_TYPE = YES;
				GCC_WARN_UNUSED_VARIABLE = YES;
				PREBINDING = NO;
				SDKROOT = iphoneos3.0;
			};
			name = Release;
		};
/* End XCBuildConfiguration section */

/* Begin XCConfigurationList section */
		1D6058960D05DD3E006BFB54 /* Build configuration list for PBXNativeTarget "Demo" */ = {
			isa = XCConfigurationList;
			buildConfigurations = (
				1D6058940D05DD3E006BFB54 /* Debug */,
				1D6058950D05DD3E006BFB54 /* Release */,
			);
			defaultConfigurationIsVisible = 0;
			defaultConfigurationName = Release;
		};
		C01FCF4E08A954540054247B /* Build configuration list for PBXProject "Demo" */ = {
			isa = XCConfigurationList;
			buildConfigurations = (
				C01FCF4F08A954540054247B /* Debug */,
				C01FCF5008A954540054247B /* Release */,
			);
			defaultConfigurationIsVisible = 0;
			defaultConfigurationName = Release;
		};
/* End XCConfigurationList section */
	};
	rootObject = 29B97313FDCFA39411CA2CEA /* Project object */;
}
