// !$*UTF8*$!
{
	archiveVersion = 1;
	classes = {
	};
	objectVersion = 45;
	objects = {

/* Begin PBXBuildFile section */
		DE019C391026360B00ECB0AC /* SPTween.m in Sources */ = {isa = PBXBuildFile; fileRef = DE7044760FB62080007F5ECC /* SPTween.m */; };
		DE019C3A1026361200ECB0AC /* SPDelayedInvocation.m in Sources */ = {isa = PBXBuildFile; fileRef = DEFB1B94100926260022C117 /* SPDelayedInvocation.m */; };
		DE019C3B1026363D00ECB0AC /* SPNSExtensions.m in Sources */ = {isa = PBXBuildFile; fileRef = DE68EA160FBB5660004DBC95 /* SPNSExtensions.m */; };
		DE019C3C1026364800ECB0AC /* SPJuggler.m in Sources */ = {isa = PBXBuildFile; fileRef = DE7044270FB61506007F5ECC /* SPJuggler.m */; };
		DE18FE4511B083B200D01F04 /* AVFoundation.framework in Frameworks */ = {isa = PBXBuildFile; fileRef = DE18FE4411B083B200D01F04 /* AVFoundation.framework */; };
		DE1F946B10470CD40084D470 /* SPJugglerTest.m in Sources */ = {isa = PBXBuildFile; fileRef = DE1F9446104704440084D470 /* SPJugglerTest.m */; };
		DE20D9CB10713B0C006658C9 /* SPRenderSupport.h in Headers */ = {isa = PBXBuildFile; fileRef = DE20D9C910713B0C006658C9 /* SPRenderSupport.h */; };
		DE20D9CC10713B0C006658C9 /* SPRenderSupport.m in Sources */ = {isa = PBXBuildFile; fileRef = DE20D9CA10713B0C006658C9 /* SPRenderSupport.m */; };
		DEC54F6511B7765500E439B0 /* SPMovieClipTest.m in Sources */ = {isa = PBXBuildFile; fileRef = DEC54F6211B7765500E439B0 /* SPMovieClipTest.m */; };
		DED8B48711B0827E00A1766C /* Foundation.framework in Frameworks */ = {isa = PBXBuildFile; fileRef = 1D30AB110D05D00D00671497 /* Foundation.framework */; };
		DED8B48811B0827E00A1766C /* CoreGraphics.framework in Frameworks */ = {isa = PBXBuildFile; fileRef = DE9CF1EB0FED3128008A32FF /* CoreGraphics.framework */; };
		DED8B48911B0827E00A1766C /* QuartzCore.framework in Frameworks */ = {isa = PBXBuildFile; fileRef = 28FD15070DC6FC5B0079059D /* QuartzCore.framework */; };
		DED8B48A11B0827E00A1766C /* OpenGLES.framework in Frameworks */ = {isa = PBXBuildFile; fileRef = 28FD14FF0DC6FC520079059D /* OpenGLES.framework */; };
		DED8B48B11B0827E00A1766C /* UIKit.framework in Frameworks */ = {isa = PBXBuildFile; fileRef = 1DF5F4DF0D08C38300B7A737 /* UIKit.framework */; };
		DED8B48C11B0827E00A1766C /* OpenAL.framework in Frameworks */ = {isa = PBXBuildFile; fileRef = DEE63A7111AED4FA00D60321 /* OpenAL.framework */; };
		DED8B48D11B0827E00A1766C /* AudioToolbox.framework in Frameworks */ = {isa = PBXBuildFile; fileRef = DEE63A8511AED51400D60321 /* AudioToolbox.framework */; };
		DED9B51D10629D9F00989853 /* SPPoolObject.h in Headers */ = {isa = PBXBuildFile; fileRef = DED9B51B10629D9F00989853 /* SPPoolObject.h */; };
		DED9B51E10629D9F00989853 /* SPPoolObject.m in Sources */ = {isa = PBXBuildFile; fileRef = DED9B51C10629D9F00989853 /* SPPoolObject.m */; };
		DEE09D7A108364A900ECC896 /* SPBitmapFont.h in Headers */ = {isa = PBXBuildFile; fileRef = DEE09D78108364A900ECC896 /* SPBitmapFont.h */; };
		DEE09D7B108364A900ECC896 /* SPBitmapFont.m in Sources */ = {isa = PBXBuildFile; fileRef = DEE09D79108364A900ECC896 /* SPBitmapFont.m */; };
		DEE09D7E108369AE00ECC896 /* SPBitmapChar.h in Headers */ = {isa = PBXBuildFile; fileRef = DEE09D7C108369AE00ECC896 /* SPBitmapChar.h */; };
		DEE09D7F108369AE00ECC896 /* SPBitmapChar.m in Sources */ = {isa = PBXBuildFile; fileRef = DEE09D7D108369AE00ECC896 /* SPBitmapChar.m */; };
		DEE0D8AA104B06FE009A7C99 /* SPStage_Internal.m in Sources */ = {isa = PBXBuildFile; fileRef = DE2AD84A104A84F1001AF0A0 /* SPStage_Internal.m */; };
		DEE63A5111AED38100D60321 /* SPAudioEngine.h in Headers */ = {isa = PBXBuildFile; fileRef = DEE63A4B11AED38100D60321 /* SPAudioEngine.h */; };
		DEE63A5211AED38100D60321 /* SPAudioEngine.m in Sources */ = {isa = PBXBuildFile; fileRef = DEE63A4C11AED38100D60321 /* SPAudioEngine.m */; };
		DEE63A5311AED38100D60321 /* SPSound.h in Headers */ = {isa = PBXBuildFile; fileRef = DEE63A4D11AED38100D60321 /* SPSound.h */; };
		DEE63A5411AED38100D60321 /* SPSound.m in Sources */ = {isa = PBXBuildFile; fileRef = DEE63A4E11AED38100D60321 /* SPSound.m */; };
		DEE63A5511AED38100D60321 /* SPSoundChannel.h in Headers */ = {isa = PBXBuildFile; fileRef = DEE63A4F11AED38100D60321 /* SPSoundChannel.h */; };
		DEE63A5611AED38100D60321 /* SPSoundChannel.m in Sources */ = {isa = PBXBuildFile; fileRef = DEE63A5011AED38100D60321 /* SPSoundChannel.m */; };
		DEE94E8211B43DE60000FE20 /* SPMovieClip.h in Headers */ = {isa = PBXBuildFile; fileRef = DEE94E8011B43DE60000FE20 /* SPMovieClip.h */; };
		DEE94E8311B43DE60000FE20 /* SPMovieClip.m in Sources */ = {isa = PBXBuildFile; fileRef = DEE94E8111B43DE60000FE20 /* SPMovieClip.m */; };
		DEEA933A101E32E10071DD21 /* CoreGraphics.framework in Frameworks */ = {isa = PBXBuildFile; fileRef = DE9CF1EB0FED3128008A32FF /* CoreGraphics.framework */; };
		DEEA933B101E32E10071DD21 /* Foundation.framework in Frameworks */ = {isa = PBXBuildFile; fileRef = 1D30AB110D05D00D00671497 /* Foundation.framework */; };
		DEEA933C101E32E10071DD21 /* OpenGLES.framework in Frameworks */ = {isa = PBXBuildFile; fileRef = 28FD14FF0DC6FC520079059D /* OpenGLES.framework */; };
		DEEA933D101E32E10071DD21 /* QuartzCore.framework in Frameworks */ = {isa = PBXBuildFile; fileRef = 28FD15070DC6FC5B0079059D /* QuartzCore.framework */; };
		DEEA933E101E32E10071DD21 /* UIKit.framework in Frameworks */ = {isa = PBXBuildFile; fileRef = 1DF5F4DF0D08C38300B7A737 /* UIKit.framework */; };
		DEEA934E101E33F00071DD21 /* libSparrow.a in Frameworks */ = {isa = PBXBuildFile; fileRef = DEFE4BC2101B317600E22471 /* libSparrow.a */; };
		DEEA9364101E383D0071DD21 /* SPPointTest.m in Sources */ = {isa = PBXBuildFile; fileRef = DEABCF5B0F7AE187003B6C9D /* SPPointTest.m */; };
		DEEA9365101E383D0071DD21 /* SPMatrixTest.m in Sources */ = {isa = PBXBuildFile; fileRef = DE8F1E2D0F7C1F3A0085E9E4 /* SPMatrixTest.m */; };
		DEEA9366101E383D0071DD21 /* SPDisplayObjectTest.m in Sources */ = {isa = PBXBuildFile; fileRef = DE469D6E0F938FAB00F56E91 /* SPDisplayObjectTest.m */; };
		DEEA9367101E383D0071DD21 /* SPDisplayObjectContainerTest.m in Sources */ = {isa = PBXBuildFile; fileRef = DEB21CF80F93C9780080D5C2 /* SPDisplayObjectContainerTest.m */; };
		DEEA9368101E383D0071DD21 /* SPQuadTest.m in Sources */ = {isa = PBXBuildFile; fileRef = DED2B6F90FA0CF5900083578 /* SPQuadTest.m */; };
		DEEA9369101E383D0071DD21 /* SPStageTest.m in Sources */ = {isa = PBXBuildFile; fileRef = DED67F330FA3514C0050E779 /* SPStageTest.m */; };
		DEEA936A101E383D0071DD21 /* SPRectangleTest.m in Sources */ = {isa = PBXBuildFile; fileRef = DED67F7C0FA359F00050E779 /* SPRectangleTest.m */; };
		DEEA936B101E383D0071DD21 /* SPEventDispatcherTest.m in Sources */ = {isa = PBXBuildFile; fileRef = DEE594490FA63BA800E3AEFC /* SPEventDispatcherTest.m */; };
		DEEA936C101E383D0071DD21 /* SPTweenTest.m in Sources */ = {isa = PBXBuildFile; fileRef = DE75E8660FBDC57E00C64495 /* SPTweenTest.m */; };
		DEEA936D101E383D0071DD21 /* SPImageTest.m in Sources */ = {isa = PBXBuildFile; fileRef = DE0853A40FEC286900DAF53C /* SPImageTest.m */; };
		DEEA9403101E44F10071DD21 /* Sparrow.h in Headers */ = {isa = PBXBuildFile; fileRef = DEEA9402101E44F10071DD21 /* Sparrow.h */; };
		DEED1739108A50000071438F /* SPTweenedProperty.h in Headers */ = {isa = PBXBuildFile; fileRef = DEED1737108A50000071438F /* SPTweenedProperty.h */; };
		DEED173A108A50000071438F /* SPTweenedProperty.m in Sources */ = {isa = PBXBuildFile; fileRef = DEED1738108A50000071438F /* SPTweenedProperty.m */; };
		DEEDE3A111B29908009FD4C8 /* OpenAL.framework in Frameworks */ = {isa = PBXBuildFile; fileRef = DEE63A7111AED4FA00D60321 /* OpenAL.framework */; };
		DEEDE3A211B29908009FD4C8 /* AVFoundation.framework in Frameworks */ = {isa = PBXBuildFile; fileRef = DE18FE4411B083B200D01F04 /* AVFoundation.framework */; };
		DEEDE3A311B29909009FD4C8 /* AudioToolbox.framework in Frameworks */ = {isa = PBXBuildFile; fileRef = DEE63A8511AED51400D60321 /* AudioToolbox.framework */; };
		DEF1730E11B0645A00A11DD7 /* SPALSound.h in Headers */ = {isa = PBXBuildFile; fileRef = DEF1730C11B0645A00A11DD7 /* SPALSound.h */; };
		DEF1730F11B0645A00A11DD7 /* SPALSound.m in Sources */ = {isa = PBXBuildFile; fileRef = DEF1730D11B0645A00A11DD7 /* SPALSound.m */; };
		DEF1731211B0648B00A11DD7 /* SPALSoundChannel.h in Headers */ = {isa = PBXBuildFile; fileRef = DEF1731011B0648B00A11DD7 /* SPALSoundChannel.h */; };
		DEF1731311B0648B00A11DD7 /* SPALSoundChannel.m in Sources */ = {isa = PBXBuildFile; fileRef = DEF1731111B0648B00A11DD7 /* SPALSoundChannel.m */; };
		DEF1735C11B075B000A11DD7 /* SPAVSound.h in Headers */ = {isa = PBXBuildFile; fileRef = DEF1735A11B075B000A11DD7 /* SPAVSound.h */; };
		DEF1735D11B075B000A11DD7 /* SPAVSound.m in Sources */ = {isa = PBXBuildFile; fileRef = DEF1735B11B075B000A11DD7 /* SPAVSound.m */; };
		DEF1736011B075BC00A11DD7 /* SPAVSoundChannel.h in Headers */ = {isa = PBXBuildFile; fileRef = DEF1735E11B075BC00A11DD7 /* SPAVSoundChannel.h */; };
		DEF1736111B075BC00A11DD7 /* SPAVSoundChannel.m in Sources */ = {isa = PBXBuildFile; fileRef = DEF1735F11B075BC00A11DD7 /* SPAVSoundChannel.m */; };
		DEFE4BCE101B31DF00E22471 /* SPTransitions.m in Sources */ = {isa = PBXBuildFile; fileRef = DED859440FB883EE00D3D7D2 /* SPTransitions.m */; };
		DEFE4BD1101B31DF00E22471 /* SPView.m in Sources */ = {isa = PBXBuildFile; fileRef = DEC2B67A0F6D4CE90063AB1D /* SPView.m */; };
		DEFE4BD2101B31DF00E22471 /* SPEvent.m in Sources */ = {isa = PBXBuildFile; fileRef = DEE593D20FA6116B00E3AEFC /* SPEvent.m */; };
		DEFE4BD3101B31DF00E22471 /* SPEventDispatcher.m in Sources */ = {isa = PBXBuildFile; fileRef = DEC2B6810F6D51430063AB1D /* SPEventDispatcher.m */; };
		DEFE4BD4101B31DF00E22471 /* SPTouch.m in Sources */ = {isa = PBXBuildFile; fileRef = DEE4449D0FABA7860085D36D /* SPTouch.m */; };
		DEFE4BD5101B31DF00E22471 /* SPTouchEvent.m in Sources */ = {isa = PBXBuildFile; fileRef = DEE444A90FABABBB0085D36D /* SPTouchEvent.m */; };
		DEFE4BD6101B31DF00E22471 /* SPEnterFrameEvent.m in Sources */ = {isa = PBXBuildFile; fileRef = DEEEB8C90FAA2C300059D72B /* SPEnterFrameEvent.m */; };
		DEFE4BD7101B31DF00E22471 /* SPDisplayObject.m in Sources */ = {isa = PBXBuildFile; fileRef = DE2ED8050F6D52080012B6BA /* SPDisplayObject.m */; };
		DEFE4BD8101B31DF00E22471 /* SPDisplayObjectContainer.m in Sources */ = {isa = PBXBuildFile; fileRef = DE2ED8090F6D53020012B6BA /* SPDisplayObjectContainer.m */; };
		DEFE4BD9101B31DF00E22471 /* SPSprite.m in Sources */ = {isa = PBXBuildFile; fileRef = DE4D6AEB0F75913D0045CBF7 /* SPSprite.m */; };
		DEFE4BDA101B31DF00E22471 /* SPStage.m in Sources */ = {isa = PBXBuildFile; fileRef = DE2ED8590F6D54AC0012B6BA /* SPStage.m */; };
		DEFE4BDB101B31DF00E22471 /* SPQuad.m in Sources */ = {isa = PBXBuildFile; fileRef = DE2ED8560F6D54900012B6BA /* SPQuad.m */; };
		DEFE4BDC101B31DF00E22471 /* SPImage.m in Sources */ = {isa = PBXBuildFile; fileRef = DE08535D0FEC21F500DAF53C /* SPImage.m */; };
		DEFE4BDD101B31DF00E22471 /* SPTextField.m in Sources */ = {isa = PBXBuildFile; fileRef = DED4EFCA0FF9439D0093AD29 /* SPTextField.m */; };
		DEFE4BDE101B31DF00E22471 /* SPTexture.m in Sources */ = {isa = PBXBuildFile; fileRef = DE0853F90FEC2CFF00DAF53C /* SPTexture.m */; };
		DEFE4BDF101B31DF00E22471 /* SPGLTexture.m in Sources */ = {isa = PBXBuildFile; fileRef = DECF84320FF649D50026A4ED /* SPGLTexture.m */; };
		DEFE4BE0101B31DF00E22471 /* SPSubTexture.m in Sources */ = {isa = PBXBuildFile; fileRef = DECF84BA0FF681BA0026A4ED /* SPSubTexture.m */; };
		DEFE4BE1101B31DF00E22471 /* SPButton.m in Sources */ = {isa = PBXBuildFile; fileRef = DED85312100BC9DA0014F729 /* SPButton.m */; };
		DEFE4BE2101B31DF00E22471 /* SPMatrix.m in Sources */ = {isa = PBXBuildFile; fileRef = DE469D260F9386FD00F56E91 /* SPMatrix.m */; };
		DEFE4BE3101B31DF00E22471 /* SPPoint.m in Sources */ = {isa = PBXBuildFile; fileRef = DE469D280F9386FD00F56E91 /* SPPoint.m */; };
		DEFE4BE4101B31DF00E22471 /* SPRectangle.m in Sources */ = {isa = PBXBuildFile; fileRef = DE469D2A0F9386FD00F56E91 /* SPRectangle.m */; };
		DEFE4BE6101B31DF00E22471 /* SPTextureAtlas.m in Sources */ = {isa = PBXBuildFile; fileRef = DECF84270FF619150026A4ED /* SPTextureAtlas.m */; };
		DEFE4C38101B5FB100E22471 /* SPRendering.m in Sources */ = {isa = PBXBuildFile; fileRef = DE9CF1BC0FED2678008A32FF /* SPRendering.m */; };
		DEFE4C3A101B5FB100E22471 /* SPTouchProcessor.m in Sources */ = {isa = PBXBuildFile; fileRef = DEDCD3AD0FADEE280022011C /* SPTouchProcessor.m */; };
		DEFE4C3C101B5FB100E22471 /* SPDisplayObject_Internal.m in Sources */ = {isa = PBXBuildFile; fileRef = DEDCD44F0FADFFA40022011C /* SPDisplayObject_Internal.m */; };
		DEFE4C3E101B5FB900E22471 /* SPTouch_Internal.m in Sources */ = {isa = PBXBuildFile; fileRef = DEDCD3D00FADF52B0022011C /* SPTouch_Internal.m */; };
		DEFE4C40101B5FB900E22471 /* SPEvent_Internal.m in Sources */ = {isa = PBXBuildFile; fileRef = DEDCD44B0FADFF250022011C /* SPEvent_Internal.m */; };
/* End PBXBuildFile section */

/* Begin PBXContainerItemProxy section */
		DEEA934C101E33ED0071DD21 /* PBXContainerItemProxy */ = {
			isa = PBXContainerItemProxy;
			containerPortal = 29B97313FDCFA39411CA2CEA /* Project object */;
			proxyType = 1;
			remoteGlobalIDString = DEFE4BC1101B317600E22471;
			remoteInfo = SparrowLib;
		};
/* End PBXContainerItemProxy section */

/* Begin PBXFileReference section */
		1D30AB110D05D00D00671497 /* Foundation.framework */ = {isa = PBXFileReference; lastKnownFileType = wrapper.framework; name = Foundation.framework; path = System/Library/Frameworks/Foundation.framework; sourceTree = SDKROOT; };
		1DF5F4DF0D08C38300B7A737 /* UIKit.framework */ = {isa = PBXFileReference; lastKnownFileType = wrapper.framework; name = UIKit.framework; path = System/Library/Frameworks/UIKit.framework; sourceTree = SDKROOT; };
		28FD14FF0DC6FC520079059D /* OpenGLES.framework */ = {isa = PBXFileReference; lastKnownFileType = wrapper.framework; name = OpenGLES.framework; path = System/Library/Frameworks/OpenGLES.framework; sourceTree = SDKROOT; };
		28FD15070DC6FC5B0079059D /* QuartzCore.framework */ = {isa = PBXFileReference; lastKnownFileType = wrapper.framework; name = QuartzCore.framework; path = System/Library/Frameworks/QuartzCore.framework; sourceTree = SDKROOT; };
		DE08535C0FEC21F500DAF53C /* SPImage.h */ = {isa = PBXFileReference; fileEncoding = 4; lastKnownFileType = sourcecode.c.h; path = SPImage.h; sourceTree = "<group>"; };
		DE08535D0FEC21F500DAF53C /* SPImage.m */ = {isa = PBXFileReference; fileEncoding = 4; lastKnownFileType = sourcecode.c.objc; path = SPImage.m; sourceTree = "<group>"; };
		DE0853A40FEC286900DAF53C /* SPImageTest.m */ = {isa = PBXFileReference; fileEncoding = 4; lastKnownFileType = sourcecode.c.objc; path = SPImageTest.m; sourceTree = "<group>"; };
		DE0853F80FEC2CFF00DAF53C /* SPTexture.h */ = {isa = PBXFileReference; fileEncoding = 4; lastKnownFileType = sourcecode.c.h; path = SPTexture.h; sourceTree = "<group>"; };
		DE0853F90FEC2CFF00DAF53C /* SPTexture.m */ = {isa = PBXFileReference; fileEncoding = 4; lastKnownFileType = sourcecode.c.objc; path = SPTexture.m; sourceTree = "<group>"; };
		DE18FE4411B083B200D01F04 /* AVFoundation.framework */ = {isa = PBXFileReference; lastKnownFileType = wrapper.framework; name = AVFoundation.framework; path = System/Library/Frameworks/AVFoundation.framework; sourceTree = SDKROOT; };
		DE1F9446104704440084D470 /* SPJugglerTest.m */ = {isa = PBXFileReference; fileEncoding = 4; lastKnownFileType = sourcecode.c.objc; path = SPJugglerTest.m; sourceTree = "<group>"; };
		DE20D9C910713B0C006658C9 /* SPRenderSupport.h */ = {isa = PBXFileReference; fileEncoding = 4; lastKnownFileType = sourcecode.c.h; path = SPRenderSupport.h; sourceTree = "<group>"; };
		DE20D9CA10713B0C006658C9 /* SPRenderSupport.m */ = {isa = PBXFileReference; fileEncoding = 4; lastKnownFileType = sourcecode.c.objc; path = SPRenderSupport.m; sourceTree = "<group>"; };
		DE2AD849104A84F1001AF0A0 /* SPStage_Internal.h */ = {isa = PBXFileReference; fileEncoding = 4; lastKnownFileType = sourcecode.c.h; path = SPStage_Internal.h; sourceTree = "<group>"; };
		DE2AD84A104A84F1001AF0A0 /* SPStage_Internal.m */ = {isa = PBXFileReference; fileEncoding = 4; lastKnownFileType = sourcecode.c.objc; path = SPStage_Internal.m; sourceTree = "<group>"; };
		DE2ED8040F6D52080012B6BA /* SPDisplayObject.h */ = {isa = PBXFileReference; fileEncoding = 4; lastKnownFileType = sourcecode.c.h; path = SPDisplayObject.h; sourceTree = "<group>"; };
		DE2ED8050F6D52080012B6BA /* SPDisplayObject.m */ = {isa = PBXFileReference; fileEncoding = 4; lastKnownFileType = sourcecode.c.objc; path = SPDisplayObject.m; sourceTree = "<group>"; };
		DE2ED8080F6D53020012B6BA /* SPDisplayObjectContainer.h */ = {isa = PBXFileReference; fileEncoding = 4; lastKnownFileType = sourcecode.c.h; path = SPDisplayObjectContainer.h; sourceTree = "<group>"; };
		DE2ED8090F6D53020012B6BA /* SPDisplayObjectContainer.m */ = {isa = PBXFileReference; fileEncoding = 4; lastKnownFileType = sourcecode.c.objc; path = SPDisplayObjectContainer.m; sourceTree = "<group>"; };
		DE2ED8550F6D54900012B6BA /* SPQuad.h */ = {isa = PBXFileReference; fileEncoding = 4; lastKnownFileType = sourcecode.c.h; path = SPQuad.h; sourceTree = "<group>"; };
		DE2ED8560F6D54900012B6BA /* SPQuad.m */ = {isa = PBXFileReference; fileEncoding = 4; lastKnownFileType = sourcecode.c.objc; path = SPQuad.m; sourceTree = "<group>"; };
		DE2ED8580F6D54AC0012B6BA /* SPStage.h */ = {isa = PBXFileReference; fileEncoding = 4; lastKnownFileType = sourcecode.c.h; path = SPStage.h; sourceTree = "<group>"; };
		DE2ED8590F6D54AC0012B6BA /* SPStage.m */ = {isa = PBXFileReference; fileEncoding = 4; lastKnownFileType = sourcecode.c.objc; path = SPStage.m; sourceTree = "<group>"; };
		DE469D240F9386FD00F56E91 /* SPMacros.h */ = {isa = PBXFileReference; fileEncoding = 4; lastKnownFileType = sourcecode.c.h; path = SPMacros.h; sourceTree = "<group>"; };
		DE469D250F9386FD00F56E91 /* SPMatrix.h */ = {isa = PBXFileReference; fileEncoding = 4; lastKnownFileType = sourcecode.c.h; path = SPMatrix.h; sourceTree = "<group>"; };
		DE469D260F9386FD00F56E91 /* SPMatrix.m */ = {isa = PBXFileReference; fileEncoding = 4; lastKnownFileType = sourcecode.c.objc; path = SPMatrix.m; sourceTree = "<group>"; };
		DE469D270F9386FD00F56E91 /* SPPoint.h */ = {isa = PBXFileReference; fileEncoding = 4; lastKnownFileType = sourcecode.c.h; path = SPPoint.h; sourceTree = "<group>"; };
		DE469D280F9386FD00F56E91 /* SPPoint.m */ = {isa = PBXFileReference; fileEncoding = 4; lastKnownFileType = sourcecode.c.objc; path = SPPoint.m; sourceTree = "<group>"; };
		DE469D290F9386FD00F56E91 /* SPRectangle.h */ = {isa = PBXFileReference; fileEncoding = 4; lastKnownFileType = sourcecode.c.h; path = SPRectangle.h; sourceTree = "<group>"; };
		DE469D2A0F9386FD00F56E91 /* SPRectangle.m */ = {isa = PBXFileReference; fileEncoding = 4; lastKnownFileType = sourcecode.c.objc; path = SPRectangle.m; sourceTree = "<group>"; };
		DE469D6E0F938FAB00F56E91 /* SPDisplayObjectTest.m */ = {isa = PBXFileReference; fileEncoding = 4; lastKnownFileType = sourcecode.c.objc; path = SPDisplayObjectTest.m; sourceTree = "<group>"; };
		DE4D6AEA0F75913D0045CBF7 /* SPSprite.h */ = {isa = PBXFileReference; fileEncoding = 4; lastKnownFileType = sourcecode.c.h; path = SPSprite.h; sourceTree = "<group>"; };
		DE4D6AEB0F75913D0045CBF7 /* SPSprite.m */ = {isa = PBXFileReference; fileEncoding = 4; lastKnownFileType = sourcecode.c.objc; path = SPSprite.m; sourceTree = "<group>"; };
		DE68EA150FBB5660004DBC95 /* SPNSExtensions.h */ = {isa = PBXFileReference; fileEncoding = 4; lastKnownFileType = sourcecode.c.h; path = SPNSExtensions.h; sourceTree = "<group>"; };
		DE68EA160FBB5660004DBC95 /* SPNSExtensions.m */ = {isa = PBXFileReference; fileEncoding = 4; lastKnownFileType = sourcecode.c.objc; path = SPNSExtensions.m; sourceTree = "<group>"; };
		DE7044260FB61506007F5ECC /* SPJuggler.h */ = {isa = PBXFileReference; fileEncoding = 4; lastKnownFileType = sourcecode.c.h; path = SPJuggler.h; sourceTree = "<group>"; };
		DE7044270FB61506007F5ECC /* SPJuggler.m */ = {isa = PBXFileReference; fileEncoding = 4; lastKnownFileType = sourcecode.c.objc; path = SPJuggler.m; sourceTree = "<group>"; };
		DE70442A0FB618AE007F5ECC /* SPAnimatable.h */ = {isa = PBXFileReference; fileEncoding = 4; lastKnownFileType = sourcecode.c.h; path = SPAnimatable.h; sourceTree = "<group>"; };
		DE7044750FB62080007F5ECC /* SPTween.h */ = {isa = PBXFileReference; fileEncoding = 4; lastKnownFileType = sourcecode.c.h; path = SPTween.h; sourceTree = "<group>"; };
		DE7044760FB62080007F5ECC /* SPTween.m */ = {isa = PBXFileReference; fileEncoding = 4; lastKnownFileType = sourcecode.c.objc; path = SPTween.m; sourceTree = "<group>"; };
		DE75E8660FBDC57E00C64495 /* SPTweenTest.m */ = {isa = PBXFileReference; fileEncoding = 4; lastKnownFileType = sourcecode.c.objc; path = SPTweenTest.m; sourceTree = "<group>"; };
		DE8F1E2D0F7C1F3A0085E9E4 /* SPMatrixTest.m */ = {isa = PBXFileReference; fileEncoding = 4; lastKnownFileType = sourcecode.c.objc; path = SPMatrixTest.m; sourceTree = "<group>"; };
		DE9CF1BC0FED2678008A32FF /* SPRendering.m */ = {isa = PBXFileReference; fileEncoding = 4; lastKnownFileType = sourcecode.c.objc; path = SPRendering.m; sourceTree = "<group>"; };
		DE9CF1EB0FED3128008A32FF /* CoreGraphics.framework */ = {isa = PBXFileReference; lastKnownFileType = wrapper.framework; name = CoreGraphics.framework; path = System/Library/Frameworks/CoreGraphics.framework; sourceTree = SDKROOT; };
		DEABCF5B0F7AE187003B6C9D /* SPPointTest.m */ = {isa = PBXFileReference; fileEncoding = 4; lastKnownFileType = sourcecode.c.objc; path = SPPointTest.m; sourceTree = "<group>"; };
		DEB21CF80F93C9780080D5C2 /* SPDisplayObjectContainerTest.m */ = {isa = PBXFileReference; fileEncoding = 4; lastKnownFileType = sourcecode.c.objc; path = SPDisplayObjectContainerTest.m; sourceTree = "<group>"; };
		DEC2B6790F6D4CE90063AB1D /* SPView.h */ = {isa = PBXFileReference; fileEncoding = 4; lastKnownFileType = sourcecode.c.h; path = SPView.h; sourceTree = "<group>"; };
		DEC2B67A0F6D4CE90063AB1D /* SPView.m */ = {isa = PBXFileReference; fileEncoding = 4; lastKnownFileType = sourcecode.c.objc; path = SPView.m; sourceTree = "<group>"; };
		DEC2B6800F6D51430063AB1D /* SPEventDispatcher.h */ = {isa = PBXFileReference; fileEncoding = 4; lastKnownFileType = sourcecode.c.h; path = SPEventDispatcher.h; sourceTree = "<group>"; };
		DEC2B6810F6D51430063AB1D /* SPEventDispatcher.m */ = {isa = PBXFileReference; fileEncoding = 4; lastKnownFileType = sourcecode.c.objc; path = SPEventDispatcher.m; sourceTree = "<group>"; };
		DEC54F6211B7765500E439B0 /* SPMovieClipTest.m */ = {isa = PBXFileReference; fileEncoding = 4; lastKnownFileType = sourcecode.c.objc; path = SPMovieClipTest.m; sourceTree = "<group>"; };
		DECF84260FF619150026A4ED /* SPTextureAtlas.h */ = {isa = PBXFileReference; fileEncoding = 4; lastKnownFileType = sourcecode.c.h; path = SPTextureAtlas.h; sourceTree = "<group>"; };
		DECF84270FF619150026A4ED /* SPTextureAtlas.m */ = {isa = PBXFileReference; fileEncoding = 4; lastKnownFileType = sourcecode.c.objc; path = SPTextureAtlas.m; sourceTree = "<group>"; };
		DECF84310FF649D50026A4ED /* SPGLTexture.h */ = {isa = PBXFileReference; fileEncoding = 4; lastKnownFileType = sourcecode.c.h; path = SPGLTexture.h; sourceTree = "<group>"; };
		DECF84320FF649D50026A4ED /* SPGLTexture.m */ = {isa = PBXFileReference; fileEncoding = 4; lastKnownFileType = sourcecode.c.objc; path = SPGLTexture.m; sourceTree = "<group>"; };
		DECF84B90FF681BA0026A4ED /* SPSubTexture.h */ = {isa = PBXFileReference; fileEncoding = 4; lastKnownFileType = sourcecode.c.h; path = SPSubTexture.h; sourceTree = "<group>"; };
		DECF84BA0FF681BA0026A4ED /* SPSubTexture.m */ = {isa = PBXFileReference; fileEncoding = 4; lastKnownFileType = sourcecode.c.objc; path = SPSubTexture.m; sourceTree = "<group>"; };
		DED2B6F90FA0CF5900083578 /* SPQuadTest.m */ = {isa = PBXFileReference; fileEncoding = 4; lastKnownFileType = sourcecode.c.objc; path = SPQuadTest.m; sourceTree = "<group>"; };
		DED4EFC90FF9439D0093AD29 /* SPTextField.h */ = {isa = PBXFileReference; fileEncoding = 4; lastKnownFileType = sourcecode.c.h; path = SPTextField.h; sourceTree = "<group>"; };
		DED4EFCA0FF9439D0093AD29 /* SPTextField.m */ = {isa = PBXFileReference; fileEncoding = 4; lastKnownFileType = sourcecode.c.objc; path = SPTextField.m; sourceTree = "<group>"; };
		DED67F330FA3514C0050E779 /* SPStageTest.m */ = {isa = PBXFileReference; fileEncoding = 4; lastKnownFileType = sourcecode.c.objc; path = SPStageTest.m; sourceTree = "<group>"; };
		DED67F7C0FA359F00050E779 /* SPRectangleTest.m */ = {isa = PBXFileReference; fileEncoding = 4; lastKnownFileType = sourcecode.c.objc; path = SPRectangleTest.m; sourceTree = "<group>"; };
		DED85311100BC9DA0014F729 /* SPButton.h */ = {isa = PBXFileReference; fileEncoding = 4; lastKnownFileType = sourcecode.c.h; path = SPButton.h; sourceTree = "<group>"; };
		DED85312100BC9DA0014F729 /* SPButton.m */ = {isa = PBXFileReference; fileEncoding = 4; lastKnownFileType = sourcecode.c.objc; path = SPButton.m; sourceTree = "<group>"; };
		DED859430FB883EE00D3D7D2 /* SPTransitions.h */ = {isa = PBXFileReference; fileEncoding = 4; lastKnownFileType = sourcecode.c.h; path = SPTransitions.h; sourceTree = "<group>"; };
		DED859440FB883EE00D3D7D2 /* SPTransitions.m */ = {isa = PBXFileReference; fileEncoding = 4; lastKnownFileType = sourcecode.c.objc; path = SPTransitions.m; sourceTree = "<group>"; };
		DED9B51B10629D9F00989853 /* SPPoolObject.h */ = {isa = PBXFileReference; fileEncoding = 4; lastKnownFileType = sourcecode.c.h; path = SPPoolObject.h; sourceTree = "<group>"; };
		DED9B51C10629D9F00989853 /* SPPoolObject.m */ = {isa = PBXFileReference; fileEncoding = 4; lastKnownFileType = sourcecode.c.objc; path = SPPoolObject.m; sourceTree = "<group>"; };
		DEDCD3AC0FADEE280022011C /* SPTouchProcessor.h */ = {isa = PBXFileReference; fileEncoding = 4; lastKnownFileType = sourcecode.c.h; path = SPTouchProcessor.h; sourceTree = "<group>"; };
		DEDCD3AD0FADEE280022011C /* SPTouchProcessor.m */ = {isa = PBXFileReference; fileEncoding = 4; lastKnownFileType = sourcecode.c.objc; path = SPTouchProcessor.m; sourceTree = "<group>"; };
		DEDCD3CF0FADF52B0022011C /* SPTouch_Internal.h */ = {isa = PBXFileReference; fileEncoding = 4; lastKnownFileType = sourcecode.c.h; path = SPTouch_Internal.h; sourceTree = "<group>"; };
		DEDCD3D00FADF52B0022011C /* SPTouch_Internal.m */ = {isa = PBXFileReference; fileEncoding = 4; lastKnownFileType = sourcecode.c.objc; path = SPTouch_Internal.m; sourceTree = "<group>"; };
		DEDCD44A0FADFF250022011C /* SPEvent_Internal.h */ = {isa = PBXFileReference; fileEncoding = 4; lastKnownFileType = sourcecode.c.h; path = SPEvent_Internal.h; sourceTree = "<group>"; };
		DEDCD44B0FADFF250022011C /* SPEvent_Internal.m */ = {isa = PBXFileReference; fileEncoding = 4; lastKnownFileType = sourcecode.c.objc; path = SPEvent_Internal.m; sourceTree = "<group>"; };
		DEDCD44E0FADFFA40022011C /* SPDisplayObject_Internal.h */ = {isa = PBXFileReference; fileEncoding = 4; lastKnownFileType = sourcecode.c.h; path = SPDisplayObject_Internal.h; sourceTree = "<group>"; };
		DEDCD44F0FADFFA40022011C /* SPDisplayObject_Internal.m */ = {isa = PBXFileReference; fileEncoding = 4; lastKnownFileType = sourcecode.c.objc; path = SPDisplayObject_Internal.m; sourceTree = "<group>"; };
		DEE09D78108364A900ECC896 /* SPBitmapFont.h */ = {isa = PBXFileReference; fileEncoding = 4; lastKnownFileType = sourcecode.c.h; path = SPBitmapFont.h; sourceTree = "<group>"; };
		DEE09D79108364A900ECC896 /* SPBitmapFont.m */ = {isa = PBXFileReference; fileEncoding = 4; lastKnownFileType = sourcecode.c.objc; path = SPBitmapFont.m; sourceTree = "<group>"; };
		DEE09D7C108369AE00ECC896 /* SPBitmapChar.h */ = {isa = PBXFileReference; fileEncoding = 4; lastKnownFileType = sourcecode.c.h; path = SPBitmapChar.h; sourceTree = "<group>"; };
		DEE09D7D108369AE00ECC896 /* SPBitmapChar.m */ = {isa = PBXFileReference; fileEncoding = 4; lastKnownFileType = sourcecode.c.objc; path = SPBitmapChar.m; sourceTree = "<group>"; };
		DEE4449C0FABA7860085D36D /* SPTouch.h */ = {isa = PBXFileReference; fileEncoding = 4; lastKnownFileType = sourcecode.c.h; path = SPTouch.h; sourceTree = "<group>"; };
		DEE4449D0FABA7860085D36D /* SPTouch.m */ = {isa = PBXFileReference; fileEncoding = 4; lastKnownFileType = sourcecode.c.objc; path = SPTouch.m; sourceTree = "<group>"; };
		DEE444A80FABABBB0085D36D /* SPTouchEvent.h */ = {isa = PBXFileReference; fileEncoding = 4; lastKnownFileType = sourcecode.c.h; path = SPTouchEvent.h; sourceTree = "<group>"; };
		DEE444A90FABABBB0085D36D /* SPTouchEvent.m */ = {isa = PBXFileReference; fileEncoding = 4; lastKnownFileType = sourcecode.c.objc; path = SPTouchEvent.m; sourceTree = "<group>"; };
		DEE593D10FA6116B00E3AEFC /* SPEvent.h */ = {isa = PBXFileReference; fileEncoding = 4; lastKnownFileType = sourcecode.c.h; path = SPEvent.h; sourceTree = "<group>"; };
		DEE593D20FA6116B00E3AEFC /* SPEvent.m */ = {isa = PBXFileReference; fileEncoding = 4; lastKnownFileType = sourcecode.c.objc; path = SPEvent.m; sourceTree = "<group>"; };
		DEE594490FA63BA800E3AEFC /* SPEventDispatcherTest.m */ = {isa = PBXFileReference; fileEncoding = 4; lastKnownFileType = sourcecode.c.objc; path = SPEventDispatcherTest.m; sourceTree = "<group>"; };
		DEE63A4B11AED38100D60321 /* SPAudioEngine.h */ = {isa = PBXFileReference; fileEncoding = 4; lastKnownFileType = sourcecode.c.h; path = SPAudioEngine.h; sourceTree = "<group>"; };
		DEE63A4C11AED38100D60321 /* SPAudioEngine.m */ = {isa = PBXFileReference; fileEncoding = 4; lastKnownFileType = sourcecode.c.objc; path = SPAudioEngine.m; sourceTree = "<group>"; };
		DEE63A4D11AED38100D60321 /* SPSound.h */ = {isa = PBXFileReference; fileEncoding = 4; lastKnownFileType = sourcecode.c.h; path = SPSound.h; sourceTree = "<group>"; };
		DEE63A4E11AED38100D60321 /* SPSound.m */ = {isa = PBXFileReference; fileEncoding = 4; lastKnownFileType = sourcecode.c.objc; path = SPSound.m; sourceTree = "<group>"; };
		DEE63A4F11AED38100D60321 /* SPSoundChannel.h */ = {isa = PBXFileReference; fileEncoding = 4; lastKnownFileType = sourcecode.c.h; path = SPSoundChannel.h; sourceTree = "<group>"; };
		DEE63A5011AED38100D60321 /* SPSoundChannel.m */ = {isa = PBXFileReference; fileEncoding = 4; lastKnownFileType = sourcecode.c.objc; path = SPSoundChannel.m; sourceTree = "<group>"; };
		DEE63A7111AED4FA00D60321 /* OpenAL.framework */ = {isa = PBXFileReference; lastKnownFileType = wrapper.framework; name = OpenAL.framework; path = System/Library/Frameworks/OpenAL.framework; sourceTree = SDKROOT; };
		DEE63A8511AED51400D60321 /* AudioToolbox.framework */ = {isa = PBXFileReference; lastKnownFileType = wrapper.framework; name = AudioToolbox.framework; path = System/Library/Frameworks/AudioToolbox.framework; sourceTree = SDKROOT; };
		DEE94E8011B43DE60000FE20 /* SPMovieClip.h */ = {isa = PBXFileReference; fileEncoding = 4; lastKnownFileType = sourcecode.c.h; path = SPMovieClip.h; sourceTree = "<group>"; };
		DEE94E8111B43DE60000FE20 /* SPMovieClip.m */ = {isa = PBXFileReference; fileEncoding = 4; lastKnownFileType = sourcecode.c.objc; path = SPMovieClip.m; sourceTree = "<group>"; };
		DEEA9335101E32A30071DD21 /* UnitTest.octest */ = {isa = PBXFileReference; explicitFileType = wrapper.cfbundle; includeInIndex = 0; path = UnitTest.octest; sourceTree = BUILT_PRODUCTS_DIR; };
		DEEA937F101E3BA20071DD21 /* UnitTests-Info.plist */ = {isa = PBXFileReference; fileEncoding = 4; lastKnownFileType = text.plist.xml; path = "UnitTests-Info.plist"; sourceTree = "<group>"; };
		DEEA9402101E44F10071DD21 /* Sparrow.h */ = {isa = PBXFileReference; fileEncoding = 4; lastKnownFileType = sourcecode.c.h; path = Sparrow.h; sourceTree = "<group>"; };
		DEED1737108A50000071438F /* SPTweenedProperty.h */ = {isa = PBXFileReference; fileEncoding = 4; lastKnownFileType = sourcecode.c.h; path = SPTweenedProperty.h; sourceTree = "<group>"; };
		DEED1738108A50000071438F /* SPTweenedProperty.m */ = {isa = PBXFileReference; fileEncoding = 4; lastKnownFileType = sourcecode.c.objc; path = SPTweenedProperty.m; sourceTree = "<group>"; };
		DEEEB8C80FAA2C300059D72B /* SPEnterFrameEvent.h */ = {isa = PBXFileReference; fileEncoding = 4; lastKnownFileType = sourcecode.c.h; path = SPEnterFrameEvent.h; sourceTree = "<group>"; };
		DEEEB8C90FAA2C300059D72B /* SPEnterFrameEvent.m */ = {isa = PBXFileReference; fileEncoding = 4; lastKnownFileType = sourcecode.c.objc; path = SPEnterFrameEvent.m; sourceTree = "<group>"; };
		DEF1730C11B0645A00A11DD7 /* SPALSound.h */ = {isa = PBXFileReference; fileEncoding = 4; lastKnownFileType = sourcecode.c.h; path = SPALSound.h; sourceTree = "<group>"; };
		DEF1730D11B0645A00A11DD7 /* SPALSound.m */ = {isa = PBXFileReference; fileEncoding = 4; lastKnownFileType = sourcecode.c.objc; path = SPALSound.m; sourceTree = "<group>"; };
		DEF1731011B0648B00A11DD7 /* SPALSoundChannel.h */ = {isa = PBXFileReference; fileEncoding = 4; lastKnownFileType = sourcecode.c.h; path = SPALSoundChannel.h; sourceTree = "<group>"; };
		DEF1731111B0648B00A11DD7 /* SPALSoundChannel.m */ = {isa = PBXFileReference; fileEncoding = 4; lastKnownFileType = sourcecode.c.objc; path = SPALSoundChannel.m; sourceTree = "<group>"; };
		DEF1735A11B075B000A11DD7 /* SPAVSound.h */ = {isa = PBXFileReference; fileEncoding = 4; lastKnownFileType = sourcecode.c.h; path = SPAVSound.h; sourceTree = "<group>"; };
		DEF1735B11B075B000A11DD7 /* SPAVSound.m */ = {isa = PBXFileReference; fileEncoding = 4; lastKnownFileType = sourcecode.c.objc; path = SPAVSound.m; sourceTree = "<group>"; };
		DEF1735E11B075BC00A11DD7 /* SPAVSoundChannel.h */ = {isa = PBXFileReference; fileEncoding = 4; lastKnownFileType = sourcecode.c.h; path = SPAVSoundChannel.h; sourceTree = "<group>"; };
		DEF1735F11B075BC00A11DD7 /* SPAVSoundChannel.m */ = {isa = PBXFileReference; fileEncoding = 4; lastKnownFileType = sourcecode.c.objc; path = SPAVSoundChannel.m; sourceTree = "<group>"; };
		DEFB1B93100926260022C117 /* SPDelayedInvocation.h */ = {isa = PBXFileReference; fileEncoding = 4; lastKnownFileType = sourcecode.c.h; path = SPDelayedInvocation.h; sourceTree = "<group>"; };
		DEFB1B94100926260022C117 /* SPDelayedInvocation.m */ = {isa = PBXFileReference; fileEncoding = 4; lastKnownFileType = sourcecode.c.objc; path = SPDelayedInvocation.m; sourceTree = "<group>"; };
		DEFE4BC2101B317600E22471 /* libSparrow.a */ = {isa = PBXFileReference; explicitFileType = archive.ar; includeInIndex = 0; path = libSparrow.a; sourceTree = BUILT_PRODUCTS_DIR; };
/* End PBXFileReference section */

/* Begin PBXFrameworksBuildPhase section */
		DEEA9332101E32A30071DD21 /* Frameworks */ = {
			isa = PBXFrameworksBuildPhase;
			buildActionMask = 2147483647;
			files = (
				DEEA933A101E32E10071DD21 /* CoreGraphics.framework in Frameworks */,
				DEEA933B101E32E10071DD21 /* Foundation.framework in Frameworks */,
				DEEA933C101E32E10071DD21 /* OpenGLES.framework in Frameworks */,
				DEEA933D101E32E10071DD21 /* QuartzCore.framework in Frameworks */,
				DEEA933E101E32E10071DD21 /* UIKit.framework in Frameworks */,
				DEEA934E101E33F00071DD21 /* libSparrow.a in Frameworks */,
				DEEDE3A111B29908009FD4C8 /* OpenAL.framework in Frameworks */,
				DEEDE3A211B29908009FD4C8 /* AVFoundation.framework in Frameworks */,
				DEEDE3A311B29909009FD4C8 /* AudioToolbox.framework in Frameworks */,
			);
			runOnlyForDeploymentPostprocessing = 0;
		};
		DEFE4BC0101B317600E22471 /* Frameworks */ = {
			isa = PBXFrameworksBuildPhase;
			buildActionMask = 2147483647;
			files = (
				DED8B48711B0827E00A1766C /* Foundation.framework in Frameworks */,
				DED8B48811B0827E00A1766C /* CoreGraphics.framework in Frameworks */,
				DED8B48911B0827E00A1766C /* QuartzCore.framework in Frameworks */,
				DED8B48A11B0827E00A1766C /* OpenGLES.framework in Frameworks */,
				DED8B48B11B0827E00A1766C /* UIKit.framework in Frameworks */,
				DED8B48C11B0827E00A1766C /* OpenAL.framework in Frameworks */,
				DED8B48D11B0827E00A1766C /* AudioToolbox.framework in Frameworks */,
				DE18FE4511B083B200D01F04 /* AVFoundation.framework in Frameworks */,
			);
			runOnlyForDeploymentPostprocessing = 0;
		};
/* End PBXFrameworksBuildPhase section */

/* Begin PBXGroup section */
		080E96DDFE201D6D7F000001 /* Classes */ = {
			isa = PBXGroup;
			children = (
				DEE63A4A11AED36700D60321 /* Audio */,
				DEDCD3CE0FADF2100022011C /* System */,
				DEDCD3C60FADF1870022011C /* Events */,
				DEDCD3B00FADF1720022011C /* Display */,
				DEE968F51086553D001D57E9 /* Textures */,
				DEE202BD0FBDAD2900B8A467 /* Animation */,
				DE469D310F93870A00F56E91 /* Utils */,
				DEEA9402101E44F10071DD21 /* Sparrow.h */,
			);
			path = Classes;
			sourceTree = "<group>";
		};
		19C28FACFE9D520D11CA2CBB /* Products */ = {
			isa = PBXGroup;
			children = (
				DEFE4BC2101B317600E22471 /* libSparrow.a */,
				DEEA9335101E32A30071DD21 /* UnitTest.octest */,
			);
			name = Products;
			sourceTree = "<group>";
		};
		29B97314FDCFA39411CA2CEA /* CustomTemplate */ = {
			isa = PBXGroup;
			children = (
				DEABCDE80F7ABE71003B6C9D /* UnitTests */,
				080E96DDFE201D6D7F000001 /* Classes */,
				29B97317FDCFA39411CA2CEA /* Resources */,
				29B97323FDCFA39411CA2CEA /* Frameworks */,
				19C28FACFE9D520D11CA2CBB /* Products */,
			);
			name = CustomTemplate;
			sourceTree = "<group>";
		};
		29B97317FDCFA39411CA2CEA /* Resources */ = {
			isa = PBXGroup;
			children = (
				DEEA937F101E3BA20071DD21 /* UnitTests-Info.plist */,
			);
			name = Resources;
			sourceTree = "<group>";
		};
		29B97323FDCFA39411CA2CEA /* Frameworks */ = {
			isa = PBXGroup;
			children = (
				1D30AB110D05D00D00671497 /* Foundation.framework */,
				DE9CF1EB0FED3128008A32FF /* CoreGraphics.framework */,
				28FD15070DC6FC5B0079059D /* QuartzCore.framework */,
				28FD14FF0DC6FC520079059D /* OpenGLES.framework */,
				1DF5F4DF0D08C38300B7A737 /* UIKit.framework */,
				DEE63A7111AED4FA00D60321 /* OpenAL.framework */,
				DEE63A8511AED51400D60321 /* AudioToolbox.framework */,
				DE18FE4411B083B200D01F04 /* AVFoundation.framework */,
			);
			name = Frameworks;
			sourceTree = "<group>";
		};
		DE20D9C810713AD0006658C9 /* Rendering */ = {
			isa = PBXGroup;
			children = (
				DE9CF1BC0FED2678008A32FF /* SPRendering.m */,
				DE20D9C910713B0C006658C9 /* SPRenderSupport.h */,
				DE20D9CA10713B0C006658C9 /* SPRenderSupport.m */,
			);
			name = Rendering;
			sourceTree = "<group>";
		};
		DE469D310F93870A00F56E91 /* Utils */ = {
			isa = PBXGroup;
			children = (
				DE469D240F9386FD00F56E91 /* SPMacros.h */,
				DE469D250F9386FD00F56E91 /* SPMatrix.h */,
				DE469D260F9386FD00F56E91 /* SPMatrix.m */,
				DE469D270F9386FD00F56E91 /* SPPoint.h */,
				DE469D280F9386FD00F56E91 /* SPPoint.m */,
				DE469D290F9386FD00F56E91 /* SPRectangle.h */,
				DE469D2A0F9386FD00F56E91 /* SPRectangle.m */,
				DE68EA150FBB5660004DBC95 /* SPNSExtensions.h */,
				DE68EA160FBB5660004DBC95 /* SPNSExtensions.m */,
				DED9B51B10629D9F00989853 /* SPPoolObject.h */,
				DED9B51C10629D9F00989853 /* SPPoolObject.m */,
			);
			name = Utils;
			sourceTree = "<group>";
		};
		DEABCDE80F7ABE71003B6C9D /* UnitTests */ = {
			isa = PBXGroup;
			children = (
				DEABCF5B0F7AE187003B6C9D /* SPPointTest.m */,
				DE8F1E2D0F7C1F3A0085E9E4 /* SPMatrixTest.m */,
				DE469D6E0F938FAB00F56E91 /* SPDisplayObjectTest.m */,
				DEB21CF80F93C9780080D5C2 /* SPDisplayObjectContainerTest.m */,
				DED2B6F90FA0CF5900083578 /* SPQuadTest.m */,
				DED67F330FA3514C0050E779 /* SPStageTest.m */,
				DED67F7C0FA359F00050E779 /* SPRectangleTest.m */,
				DEE594490FA63BA800E3AEFC /* SPEventDispatcherTest.m */,
				DE75E8660FBDC57E00C64495 /* SPTweenTest.m */,
				DE0853A40FEC286900DAF53C /* SPImageTest.m */,
				DE1F9446104704440084D470 /* SPJugglerTest.m */,
				DEC54F6211B7765500E439B0 /* SPMovieClipTest.m */,
			);
			path = UnitTests;
			sourceTree = "<group>";
		};
		DED85A930FB49E6D000BAA95 /* Internal */ = {
			isa = PBXGroup;
			children = (
				DEDCD3CF0FADF52B0022011C /* SPTouch_Internal.h */,
				DEDCD3D00FADF52B0022011C /* SPTouch_Internal.m */,
				DEDCD44A0FADFF250022011C /* SPEvent_Internal.h */,
				DEDCD44B0FADFF250022011C /* SPEvent_Internal.m */,
			);
			name = Internal;
			sourceTree = "<group>";
		};
		DED85A940FB49E90000BAA95 /* Internal */ = {
			isa = PBXGroup;
			children = (
				DEDCD3AC0FADEE280022011C /* SPTouchProcessor.h */,
				DEDCD3AD0FADEE280022011C /* SPTouchProcessor.m */,
				DEDCD44E0FADFFA40022011C /* SPDisplayObject_Internal.h */,
				DEDCD44F0FADFFA40022011C /* SPDisplayObject_Internal.m */,
				DE2AD849104A84F1001AF0A0 /* SPStage_Internal.h */,
				DE2AD84A104A84F1001AF0A0 /* SPStage_Internal.m */,
			);
			name = Internal;
			sourceTree = "<group>";
		};
		DEDCD3B00FADF1720022011C /* Display */ = {
			isa = PBXGroup;
			children = (
				DE20D9C810713AD0006658C9 /* Rendering */,
				DEE09D771083647D00ECC896 /* Text */,
				DED85A940FB49E90000BAA95 /* Internal */,
				DE2ED8040F6D52080012B6BA /* SPDisplayObject.h */,
				DE2ED8050F6D52080012B6BA /* SPDisplayObject.m */,
				DE2ED8080F6D53020012B6BA /* SPDisplayObjectContainer.h */,
				DE2ED8090F6D53020012B6BA /* SPDisplayObjectContainer.m */,
				DE4D6AEA0F75913D0045CBF7 /* SPSprite.h */,
				DE4D6AEB0F75913D0045CBF7 /* SPSprite.m */,
				DE2ED8580F6D54AC0012B6BA /* SPStage.h */,
				DE2ED8590F6D54AC0012B6BA /* SPStage.m */,
				DE2ED8550F6D54900012B6BA /* SPQuad.h */,
				DE2ED8560F6D54900012B6BA /* SPQuad.m */,
				DE08535C0FEC21F500DAF53C /* SPImage.h */,
				DE08535D0FEC21F500DAF53C /* SPImage.m */,
				DED85311100BC9DA0014F729 /* SPButton.h */,
				DED85312100BC9DA0014F729 /* SPButton.m */,
				DEE94E8011B43DE60000FE20 /* SPMovieClip.h */,
				DEE94E8111B43DE60000FE20 /* SPMovieClip.m */,
			);
			name = Display;
			sourceTree = "<group>";
		};
		DEDCD3C60FADF1870022011C /* Events */ = {
			isa = PBXGroup;
			children = (
				DED85A930FB49E6D000BAA95 /* Internal */,
				DEE593D10FA6116B00E3AEFC /* SPEvent.h */,
				DEE593D20FA6116B00E3AEFC /* SPEvent.m */,
				DEC2B6800F6D51430063AB1D /* SPEventDispatcher.h */,
				DEC2B6810F6D51430063AB1D /* SPEventDispatcher.m */,
				DEE4449C0FABA7860085D36D /* SPTouch.h */,
				DEE4449D0FABA7860085D36D /* SPTouch.m */,
				DEE444A80FABABBB0085D36D /* SPTouchEvent.h */,
				DEE444A90FABABBB0085D36D /* SPTouchEvent.m */,
				DEEEB8C80FAA2C300059D72B /* SPEnterFrameEvent.h */,
				DEEEB8C90FAA2C300059D72B /* SPEnterFrameEvent.m */,
			);
			name = Events;
			sourceTree = "<group>";
		};
		DEDCD3CE0FADF2100022011C /* System */ = {
			isa = PBXGroup;
			children = (
				DEC2B6790F6D4CE90063AB1D /* SPView.h */,
				DEC2B67A0F6D4CE90063AB1D /* SPView.m */,
			);
			name = System;
			sourceTree = "<group>";
		};
		DEE09D771083647D00ECC896 /* Text */ = {
			isa = PBXGroup;
			children = (
				DED4EFC90FF9439D0093AD29 /* SPTextField.h */,
				DED4EFCA0FF9439D0093AD29 /* SPTextField.m */,
				DEE09D78108364A900ECC896 /* SPBitmapFont.h */,
				DEE09D79108364A900ECC896 /* SPBitmapFont.m */,
				DEE09D7C108369AE00ECC896 /* SPBitmapChar.h */,
				DEE09D7D108369AE00ECC896 /* SPBitmapChar.m */,
			);
			name = Text;
			sourceTree = "<group>";
		};
		DEE202BD0FBDAD2900B8A467 /* Animation */ = {
			isa = PBXGroup;
			children = (
				DEED1736108A4FE30071438F /* Internal */,
				DE70442A0FB618AE007F5ECC /* SPAnimatable.h */,
				DE7044260FB61506007F5ECC /* SPJuggler.h */,
				DE7044270FB61506007F5ECC /* SPJuggler.m */,
				DED859430FB883EE00D3D7D2 /* SPTransitions.h */,
				DED859440FB883EE00D3D7D2 /* SPTransitions.m */,
				DE7044750FB62080007F5ECC /* SPTween.h */,
				DE7044760FB62080007F5ECC /* SPTween.m */,
				DEFB1B93100926260022C117 /* SPDelayedInvocation.h */,
				DEFB1B94100926260022C117 /* SPDelayedInvocation.m */,
			);
			name = Animation;
			sourceTree = "<group>";
		};
		DEE63A4A11AED36700D60321 /* Audio */ = {
			isa = PBXGroup;
			children = (
				DEF1731511B064A300A11DD7 /* AVFoundation */,
				DEF1731411B0649A00A11DD7 /* OpenAL */,
				DEE63A4B11AED38100D60321 /* SPAudioEngine.h */,
				DEE63A4C11AED38100D60321 /* SPAudioEngine.m */,
				DEE63A4D11AED38100D60321 /* SPSound.h */,
				DEE63A4E11AED38100D60321 /* SPSound.m */,
				DEE63A4F11AED38100D60321 /* SPSoundChannel.h */,
				DEE63A5011AED38100D60321 /* SPSoundChannel.m */,
			);
			name = Audio;
			sourceTree = "<group>";
		};
		DEE968F51086553D001D57E9 /* Textures */ = {
			isa = PBXGroup;
			children = (
				DE0853F80FEC2CFF00DAF53C /* SPTexture.h */,
				DE0853F90FEC2CFF00DAF53C /* SPTexture.m */,
				DECF84310FF649D50026A4ED /* SPGLTexture.h */,
				DECF84320FF649D50026A4ED /* SPGLTexture.m */,
				DECF84B90FF681BA0026A4ED /* SPSubTexture.h */,
				DECF84BA0FF681BA0026A4ED /* SPSubTexture.m */,
				DECF84260FF619150026A4ED /* SPTextureAtlas.h */,
				DECF84270FF619150026A4ED /* SPTextureAtlas.m */,
			);
			name = Textures;
			sourceTree = "<group>";
		};
		DEED1736108A4FE30071438F /* Internal */ = {
			isa = PBXGroup;
			children = (
				DEED1737108A50000071438F /* SPTweenedProperty.h */,
				DEED1738108A50000071438F /* SPTweenedProperty.m */,
			);
			name = Internal;
			sourceTree = "<group>";
		};
		DEF1731411B0649A00A11DD7 /* OpenAL */ = {
			isa = PBXGroup;
			children = (
				DEF1730C11B0645A00A11DD7 /* SPALSound.h */,
				DEF1730D11B0645A00A11DD7 /* SPALSound.m */,
				DEF1731011B0648B00A11DD7 /* SPALSoundChannel.h */,
				DEF1731111B0648B00A11DD7 /* SPALSoundChannel.m */,
			);
			name = OpenAL;
			sourceTree = "<group>";
		};
		DEF1731511B064A300A11DD7 /* AVFoundation */ = {
			isa = PBXGroup;
			children = (
				DEF1735A11B075B000A11DD7 /* SPAVSound.h */,
				DEF1735B11B075B000A11DD7 /* SPAVSound.m */,
				DEF1735E11B075BC00A11DD7 /* SPAVSoundChannel.h */,
				DEF1735F11B075BC00A11DD7 /* SPAVSoundChannel.m */,
			);
			name = AVFoundation;
			sourceTree = "<group>";
		};
/* End PBXGroup section */

/* Begin PBXHeadersBuildPhase section */
		DEFE4BBE101B317600E22471 /* Headers */ = {
			isa = PBXHeadersBuildPhase;
			buildActionMask = 2147483647;
			files = (
				DEEA9403101E44F10071DD21 /* Sparrow.h in Headers */,
				DED9B51D10629D9F00989853 /* SPPoolObject.h in Headers */,
				DE20D9CB10713B0C006658C9 /* SPRenderSupport.h in Headers */,
				DEE09D7A108364A900ECC896 /* SPBitmapFont.h in Headers */,
				DEE09D7E108369AE00ECC896 /* SPBitmapChar.h in Headers */,
				DEED1739108A50000071438F /* SPTweenedProperty.h in Headers */,
				DEE63A5111AED38100D60321 /* SPAudioEngine.h in Headers */,
				DEE63A5311AED38100D60321 /* SPSound.h in Headers */,
				DEE63A5511AED38100D60321 /* SPSoundChannel.h in Headers */,
				DEF1730E11B0645A00A11DD7 /* SPALSound.h in Headers */,
				DEF1731211B0648B00A11DD7 /* SPALSoundChannel.h in Headers */,
				DEF1735C11B075B000A11DD7 /* SPAVSound.h in Headers */,
				DEF1736011B075BC00A11DD7 /* SPAVSoundChannel.h in Headers */,
				DEE94E8211B43DE60000FE20 /* SPMovieClip.h in Headers */,
			);
			runOnlyForDeploymentPostprocessing = 0;
		};
/* End PBXHeadersBuildPhase section */

/* Begin PBXNativeTarget section */
		DEEA9334101E32A30071DD21 /* UnitTests */ = {
			isa = PBXNativeTarget;
			buildConfigurationList = DEEA9339101E32A40071DD21 /* Build configuration list for PBXNativeTarget "UnitTests" */;
			buildPhases = (
				DEEA9331101E32A30071DD21 /* Sources */,
				DEEA9332101E32A30071DD21 /* Frameworks */,
				DEEA9333101E32A30071DD21 /* ShellScript */,
			);
			buildRules = (
			);
			dependencies = (
				DEEA934D101E33ED0071DD21 /* PBXTargetDependency */,
			);
			name = UnitTests;
			productName = UnitTest;
			productReference = DEEA9335101E32A30071DD21 /* UnitTest.octest */;
			productType = "com.apple.product-type.bundle";
		};
		DEFE4BC1101B317600E22471 /* Sparrow */ = {
			isa = PBXNativeTarget;
			buildConfigurationList = DEFE4BCC101B317A00E22471 /* Build configuration list for PBXNativeTarget "Sparrow" */;
			buildPhases = (
				DEFE4BBE101B317600E22471 /* Headers */,
				DEFE4BBF101B317600E22471 /* Sources */,
				DEFE4BC0101B317600E22471 /* Frameworks */,
			);
			buildRules = (
			);
			dependencies = (
			);
			name = Sparrow;
			productName = SparrowLib;
			productReference = DEFE4BC2101B317600E22471 /* libSparrow.a */;
			productType = "com.apple.product-type.library.static";
		};
/* End PBXNativeTarget section */

/* Begin PBXProject section */
		29B97313FDCFA39411CA2CEA /* Project object */ = {
			isa = PBXProject;
			buildConfigurationList = C01FCF4E08A954540054247B /* Build configuration list for PBXProject "Sparrow" */;
			compatibilityVersion = "Xcode 3.1";
			hasScannedForEncodings = 1;
			mainGroup = 29B97314FDCFA39411CA2CEA /* CustomTemplate */;
			projectDirPath = "";
			projectRoot = "";
			targets = (
				DEFE4BC1101B317600E22471 /* Sparrow */,
				DEEA9334101E32A30071DD21 /* UnitTests */,
			);
		};
/* End PBXProject section */

/* Begin PBXShellScriptBuildPhase section */
		DEEA9333101E32A30071DD21 /* ShellScript */ = {
			isa = PBXShellScriptBuildPhase;
			buildActionMask = 2147483647;
			files = (
			);
			inputPaths = (
			);
			outputPaths = (
			);
			runOnlyForDeploymentPostprocessing = 0;
			shellPath = /bin/sh;
			shellScript = "# Run the unit tests in this test bundle.\n\"${SYSTEM_DEVELOPER_DIR}/Tools/RunUnitTests\"\n";
		};
/* End PBXShellScriptBuildPhase section */

/* Begin PBXSourcesBuildPhase section */
		DEEA9331101E32A30071DD21 /* Sources */ = {
			isa = PBXSourcesBuildPhase;
			buildActionMask = 2147483647;
			files = (
				DEEA9364101E383D0071DD21 /* SPPointTest.m in Sources */,
				DEEA9365101E383D0071DD21 /* SPMatrixTest.m in Sources */,
				DEEA9366101E383D0071DD21 /* SPDisplayObjectTest.m in Sources */,
				DEEA9367101E383D0071DD21 /* SPDisplayObjectContainerTest.m in Sources */,
				DEEA9368101E383D0071DD21 /* SPQuadTest.m in Sources */,
				DEEA9369101E383D0071DD21 /* SPStageTest.m in Sources */,
				DEEA936A101E383D0071DD21 /* SPRectangleTest.m in Sources */,
				DEEA936B101E383D0071DD21 /* SPEventDispatcherTest.m in Sources */,
				DEEA936C101E383D0071DD21 /* SPTweenTest.m in Sources */,
				DEEA936D101E383D0071DD21 /* SPImageTest.m in Sources */,
				DE1F946B10470CD40084D470 /* SPJugglerTest.m in Sources */,
				DEC54F6511B7765500E439B0 /* SPMovieClipTest.m in Sources */,
			);
			runOnlyForDeploymentPostprocessing = 0;
		};
		DEFE4BBF101B317600E22471 /* Sources */ = {
			isa = PBXSourcesBuildPhase;
			buildActionMask = 2147483647;
			files = (
				DEFE4BE6101B31DF00E22471 /* SPTextureAtlas.m in Sources */,
				DEFE4C3E101B5FB900E22471 /* SPTouch_Internal.m in Sources */,
				DEFE4C40101B5FB900E22471 /* SPEvent_Internal.m in Sources */,
				DEFE4C38101B5FB100E22471 /* SPRendering.m in Sources */,
				DEFE4C3A101B5FB100E22471 /* SPTouchProcessor.m in Sources */,
				DEFE4C3C101B5FB100E22471 /* SPDisplayObject_Internal.m in Sources */,
				DEFE4BE2101B31DF00E22471 /* SPMatrix.m in Sources */,
				DEFE4BE3101B31DF00E22471 /* SPPoint.m in Sources */,
				DEFE4BE4101B31DF00E22471 /* SPRectangle.m in Sources */,
				DEFE4BD7101B31DF00E22471 /* SPDisplayObject.m in Sources */,
				DEFE4BD8101B31DF00E22471 /* SPDisplayObjectContainer.m in Sources */,
				DEFE4BD9101B31DF00E22471 /* SPSprite.m in Sources */,
				DEFE4BDA101B31DF00E22471 /* SPStage.m in Sources */,
				DEFE4BDB101B31DF00E22471 /* SPQuad.m in Sources */,
				DEFE4BDC101B31DF00E22471 /* SPImage.m in Sources */,
				DEFE4BDD101B31DF00E22471 /* SPTextField.m in Sources */,
				DEFE4BDE101B31DF00E22471 /* SPTexture.m in Sources */,
				DEFE4BDF101B31DF00E22471 /* SPGLTexture.m in Sources */,
				DEFE4BE0101B31DF00E22471 /* SPSubTexture.m in Sources */,
				DEFE4BE1101B31DF00E22471 /* SPButton.m in Sources */,
				DEFE4BD2101B31DF00E22471 /* SPEvent.m in Sources */,
				DEFE4BD3101B31DF00E22471 /* SPEventDispatcher.m in Sources */,
				DEFE4BD4101B31DF00E22471 /* SPTouch.m in Sources */,
				DEFE4BD5101B31DF00E22471 /* SPTouchEvent.m in Sources */,
				DEFE4BD6101B31DF00E22471 /* SPEnterFrameEvent.m in Sources */,
				DEFE4BD1101B31DF00E22471 /* SPView.m in Sources */,
				DEFE4BCE101B31DF00E22471 /* SPTransitions.m in Sources */,
				DE019C391026360B00ECB0AC /* SPTween.m in Sources */,
				DE019C3A1026361200ECB0AC /* SPDelayedInvocation.m in Sources */,
				DE019C3B1026363D00ECB0AC /* SPNSExtensions.m in Sources */,
				DE019C3C1026364800ECB0AC /* SPJuggler.m in Sources */,
				DEE0D8AA104B06FE009A7C99 /* SPStage_Internal.m in Sources */,
				DED9B51E10629D9F00989853 /* SPPoolObject.m in Sources */,
				DE20D9CC10713B0C006658C9 /* SPRenderSupport.m in Sources */,
				DEE09D7B108364A900ECC896 /* SPBitmapFont.m in Sources */,
				DEE09D7F108369AE00ECC896 /* SPBitmapChar.m in Sources */,
				DEED173A108A50000071438F /* SPTweenedProperty.m in Sources */,
				DEE63A5211AED38100D60321 /* SPAudioEngine.m in Sources */,
				DEE63A5411AED38100D60321 /* SPSound.m in Sources */,
				DEE63A5611AED38100D60321 /* SPSoundChannel.m in Sources */,
				DEF1730F11B0645A00A11DD7 /* SPALSound.m in Sources */,
				DEF1731311B0648B00A11DD7 /* SPALSoundChannel.m in Sources */,
				DEF1735D11B075B000A11DD7 /* SPAVSound.m in Sources */,
				DEF1736111B075BC00A11DD7 /* SPAVSoundChannel.m in Sources */,
				DEE94E8311B43DE60000FE20 /* SPMovieClip.m in Sources */,
			);
			runOnlyForDeploymentPostprocessing = 0;
		};
/* End PBXSourcesBuildPhase section */

/* Begin PBXTargetDependency section */
		DEEA934D101E33ED0071DD21 /* PBXTargetDependency */ = {
			isa = PBXTargetDependency;
			target = DEFE4BC1101B317600E22471 /* Sparrow */;
			targetProxy = DEEA934C101E33ED0071DD21 /* PBXContainerItemProxy */;
		};
/* End PBXTargetDependency section */

/* Begin XCBuildConfiguration section */
		C01FCF4F08A954540054247B /* Debug */ = {
			isa = XCBuildConfiguration;
			buildSettings = {
				ARCHS = "$(ARCHS_STANDARD_32_BIT)";
				"CODE_SIGN_IDENTITY[sdk=iphoneos*]" = "iPhone Developer";
				GCC_C_LANGUAGE_STANDARD = c99;
				GCC_WARN_ABOUT_RETURN_TYPE = YES;
				GCC_WARN_UNUSED_VARIABLE = YES;
				ONLY_ACTIVE_ARCH = YES;
				PREBINDING = NO;
				"PROVISIONING_PROFILE[sdk=iphoneos*]" = "";
				SDKROOT = iphoneos3.0;
			};
			name = Debug;
		};
		C01FCF5008A954540054247B /* Release */ = {
			isa = XCBuildConfiguration;
			buildSettings = {
				ARCHS = "$(ARCHS_STANDARD_32_BIT)";
				"CODE_SIGN_IDENTITY[sdk=iphoneos*]" = "iPhone Developer";
				GCC_C_LANGUAGE_STANDARD = c99;
				GCC_WARN_ABOUT_RETURN_TYPE = YES;
				GCC_WARN_UNUSED_VARIABLE = YES;
				PREBINDING = NO;
				SDKROOT = iphoneos3.0;
			};
			name = Release;
		};
		DEEA9337101E32A40071DD21 /* Debug */ = {
			isa = XCBuildConfiguration;
			buildSettings = {
				ALWAYS_SEARCH_USER_PATHS = NO;
				COPY_PHASE_STRIP = NO;
				FRAMEWORK_SEARCH_PATHS = "$(DEVELOPER_LIBRARY_DIR)/Frameworks";
				GCC_DYNAMIC_NO_PIC = NO;
				GCC_ENABLE_FIX_AND_CONTINUE = NO;
				GCC_ENABLE_OBJC_EXCEPTIONS = YES;
				GCC_OPTIMIZATION_LEVEL = 0;
				INFOPLIST_FILE = "UnitTests-Info.plist";
				OTHER_LDFLAGS = (
					"-framework",
					Foundation,
					"-framework",
					SenTestingKit,
					"-framework",
					UIKit,
					"-ObjC",
				);
				PREBINDING = NO;
				PRODUCT_NAME = UnitTest;
				WRAPPER_EXTENSION = octest;
			};
			name = Debug;
		};
		DEEA9338101E32A40071DD21 /* Release */ = {
			isa = XCBuildConfiguration;
			buildSettings = {
				ALWAYS_SEARCH_USER_PATHS = NO;
				COPY_PHASE_STRIP = YES;
				DEBUG_INFORMATION_FORMAT = "dwarf-with-dsym";
				FRAMEWORK_SEARCH_PATHS = "$(DEVELOPER_LIBRARY_DIR)/Frameworks";
				GCC_ENABLE_FIX_AND_CONTINUE = NO;
				GCC_ENABLE_OBJC_EXCEPTIONS = YES;
				INFOPLIST_FILE = "UnitTests-Info.plist";
				OTHER_LDFLAGS = (
					"-framework",
					Foundation,
					"-framework",
					SenTestingKit,
					"-framework",
					UIKit,
					"-ObjC",
				);
				PREBINDING = NO;
				PRODUCT_NAME = UnitTest;
				WRAPPER_EXTENSION = octest;
				ZERO_LINK = NO;
			};
			name = Release;
		};
		DEFE4BC3101B317700E22471 /* Debug */ = {
			isa = XCBuildConfiguration;
			buildSettings = {
				ALWAYS_SEARCH_USER_PATHS = NO;
				"CODE_SIGN_IDENTITY[sdk=iphoneos*]" = "iPhone Developer: Daniel Sperl";
				COPY_PHASE_STRIP = NO;
				GCC_DYNAMIC_NO_PIC = NO;
				GCC_OPTIMIZATION_LEVEL = 0;
				GCC_PREPROCESSOR_DEFINITIONS = DEBUG;
				GCC_THUMB_SUPPORT = NO;
				GCC_WARN_PEDANTIC = NO;
				OTHER_LDFLAGS = "";
				PREBINDING = NO;
				PRODUCT_NAME = Sparrow;
				"PROVISIONING_PROFILE[sdk=iphoneos*]" = "8F2B7F7C-97B8-4A99-B7EE-104D609292F6";
				SDKROOT = iphoneos3.0;
			};
			name = Debug;
		};
		DEFE4BC4101B317700E22471 /* Release */ = {
			isa = XCBuildConfiguration;
			buildSettings = {
				ALWAYS_SEARCH_USER_PATHS = NO;
				"CODE_SIGN_IDENTITY[sdk=iphoneos*]" = "iPhone Developer";
				COPY_PHASE_STRIP = YES;
				DEBUG_INFORMATION_FORMAT = "dwarf-with-dsym";
				GCC_ENABLE_FIX_AND_CONTINUE = NO;
				GCC_PREPROCESSOR_DEFINITIONS = "";
				GCC_THUMB_SUPPORT = NO;
				GCC_WARN_PEDANTIC = NO;
				OTHER_LDFLAGS = "";
				PREBINDING = NO;
				PRODUCT_NAME = Sparrow;
				"PROVISIONING_PROFILE[sdk=iphoneos*]" = "";
				SDKROOT = iphoneos3.0;
				ZERO_LINK = NO;
			};
			name = Release;
		};
/* End XCBuildConfiguration section */

/* Begin XCConfigurationList section */
		C01FCF4E08A954540054247B /* Build configuration list for PBXProject "Sparrow" */ = {
			isa = XCConfigurationList;
			buildConfigurations = (
				C01FCF4F08A954540054247B /* Debug */,
				C01FCF5008A954540054247B /* Release */,
			);
			defaultConfigurationIsVisible = 0;
			defaultConfigurationName = Release;
		};
		DEEA9339101E32A40071DD21 /* Build configuration list for PBXNativeTarget "UnitTests" */ = {
			isa = XCConfigurationList;
			buildConfigurations = (
				DEEA9337101E32A40071DD21 /* Debug */,
				DEEA9338101E32A40071DD21 /* Release */,
			);
			defaultConfigurationIsVisible = 0;
			defaultConfigurationName = Release;
		};
		DEFE4BCC101B317A00E22471 /* Build configuration list for PBXNativeTarget "Sparrow" */ = {
			isa = XCConfigurationList;
			buildConfigurations = (
				DEFE4BC3101B317700E22471 /* Debug */,
				DEFE4BC4101B317700E22471 /* Release */,
			);
			defaultConfigurationIsVisible = 0;
			defaultConfigurationName = Release;
		};
/* End XCConfigurationList section */
	};
	rootObject = 29B97313FDCFA39411CA2CEA /* Project object */;
}
